
Microsoft Visual Studio Solution File, Format Version 12.00
# Visual Studio 15
VisualStudioVersion = 15.0.26403.3
MinimumVisualStudioVersion = 10.0.40219.1
Project("{FAE04EC0-301F-11D3-BF4B-00C04F79EFBC}") = "Program1", "Program1.csproj", "{0362A98C-84B6-4567-AFA8-204354F9FDA2}"
EndProject
Project("{FAE04EC0-301F-11D3-BF4B-00C04F79EFBC}") = "String", "..\String\String.csproj", "{D7C353AA-2F46-4856-B49E-A4AACF6C19A8}"
EndProject
Project("{FAE04EC0-301F-11D3-BF4B-00C04F79EFBC}") = "Program2", "Program2\Program2.csproj", "{415E27C2-6CD6-426C-ACEB-344768B37AC7}"
EndProject
Global
	GlobalSection(SolutionConfigurationPlatforms) = preSolution
		Debug|Any CPU = Debug|Any CPU
		Release|Any CPU = Release|Any CPU
	EndGlobalSection
	GlobalSection(ProjectConfigurationPlatforms) = postSolution
		{0362A98C-84B6-4567-AFA8-204354F9FDA2}.Debug|Any CPU.ActiveCfg = Debug|Any CPU
		{0362A98C-84B6-4567-AFA8-204354F9FDA2}.Debug|Any CPU.Build.0 = Debug|Any CPU
		{0362A98C-84B6-4567-AFA8-204354F9FDA2}.Release|Any CPU.ActiveCfg = Release|Any CPU
		{0362A98C-84B6-4567-AFA8-204354F9FDA2}.Release|Any CPU.Build.0 = Release|Any CPU
		{D7C353AA-2F46-4856-B49E-A4AACF6C19A8}.Debug|Any CPU.ActiveCfg = Debug|Any CPU
		{D7C353AA-2F46-4856-B49E-A4AACF6C19A8}.Debug|Any CPU.Build.0 = Debug|Any CPU
		{D7C353AA-2F46-4856-B49E-A4AACF6C19A8}.Release|Any CPU.ActiveCfg = Release|Any CPU
		{D7C353AA-2F46-4856-B49E-A4AACF6C19A8}.Release|Any CPU.Build.0 = Release|Any CPU
		{415E27C2-6CD6-426C-ACEB-344768B37AC7}.Debug|Any CPU.ActiveCfg = Debug|Any CPU
		{415E27C2-6CD6-426C-ACEB-344768B37AC7}.Debug|Any CPU.Build.0 = Debug|Any CPU
		{415E27C2-6CD6-426C-ACEB-344768B37AC7}.Release|Any CPU.ActiveCfg = Release|Any CPU
		{415E27C2-6CD6-426C-ACEB-344768B37AC7}.Release|Any CPU.Build.0 = Release|Any CPU
	EndGlobalSection
	GlobalSection(SolutionProperties) = preSolution
		HideSolutionNode = FALSE
	EndGlobalSection
EndGlobal
