
Microsoft Visual Studio Solution File, Format Version 12.00
# Visual Studio 15
VisualStudioVersion = 15.0.26403.3
MinimumVisualStudioVersion = 10.0.40219.1
Project("{FAE04EC0-301F-11D3-BF4B-00C04F79EFBC}") = "01", "ConsoleApp1\01.csproj", "{6988C419-71CD-4DCE-AC3C-5CCF5C38F2C5}"
EndProject
Project("{FAE04EC0-301F-11D3-BF4B-00C04F79EFBC}") = "02", "02\02.csproj", "{B078DE3F-9720-49A4-A3F8-18B999B42500}"
EndProject
Project("{FAE04EC0-301F-11D3-BF4B-00C04F79EFBC}") = "03", "03\03.csproj", "{A3600A6F-85CE-4E0C-BA49-683D2DA3A962}"
EndProject
Project("{FAE04EC0-301F-11D3-BF4B-00C04F79EFBC}") = "04", "04\04.csproj", "{02D0F690-7105-49CB-A5C4-5B06AF34DE23}"
EndProject
Project("{FAE04EC0-301F-11D3-BF4B-00C04F79EFBC}") = "05", "05\05.csproj", "{CC76B503-64AE-4E8F-9EBF-77C4F9DE1D19}"
EndProject
Project("{FAE04EC0-301F-11D3-BF4B-00C04F79EFBC}") = "06", "06\06.csproj", "{2D35B3CB-4664-48E7-8EBF-81CC2EAC4106}"
EndProject
Project("{FAE04EC0-301F-11D3-BF4B-00C04F79EFBC}") = "07", "07\07.csproj", "{84178F5A-B3EC-4D19-B98C-59077549B35C}"
EndProject
Project("{FAE04EC0-301F-11D3-BF4B-00C04F79EFBC}") = "08", "08\08.csproj", "{8971C920-C1B6-41CD-9CEC-35CC83A1007A}"
EndProject
Project("{FAE04EC0-301F-11D3-BF4B-00C04F79EFBC}") = "09", "09\09.csproj", "{FCAB1E00-0253-489B-822E-CA3EAB4ADF3E}"
EndProject
Project("{FAE04EC0-301F-11D3-BF4B-00C04F79EFBC}") = "10", "10\10.csproj", "{1BE32C99-B727-4F6E-9F9F-913B655E17A6}"
EndProject
Project("{FAE04EC0-301F-11D3-BF4B-00C04F79EFBC}") = "11", "11\11.csproj", "{EDE79B35-8D99-4253-B8E2-ACC02B686E27}"
EndProject
Project("{FAE04EC0-301F-11D3-BF4B-00C04F79EFBC}") = "12", "12\12.csproj", "{CEFAD86C-4B88-4775-8936-55148EA560D7}"
EndProject
Project("{FAE04EC0-301F-11D3-BF4B-00C04F79EFBC}") = "13", "13\13.csproj", "{C5D39384-D425-498D-BEBC-D0373C3FB008}"
EndProject
Project("{FAE04EC0-301F-11D3-BF4B-00C04F79EFBC}") = "14", "14\14.csproj", "{F1B88E2D-96FB-40A7-921B-AE7AA42052B4}"
EndProject
Project("{FAE04EC0-301F-11D3-BF4B-00C04F79EFBC}") = "15", "15\15.csproj", "{4F32491A-08E3-46F9-B502-B77259AD07D4}"
EndProject
Project("{FAE04EC0-301F-11D3-BF4B-00C04F79EFBC}") = "16", "16\16.csproj", "{5CB945BF-DB6E-4629-B9CE-DB584D3296AD}"
EndProject
Project("{FAE04EC0-301F-11D3-BF4B-00C04F79EFBC}") = "17", "17\17.csproj", "{8FF96D46-E445-4444-980E-4112F4DB2C48}"
EndProject
Project("{FAE04EC0-301F-11D3-BF4B-00C04F79EFBC}") = "18", "18\18.csproj", "{062B916D-5733-4196-AA56-AECE167A6EE0}"
EndProject
Project("{FAE04EC0-301F-11D3-BF4B-00C04F79EFBC}") = "19", "19\19.csproj", "{A470E6BD-CE70-41D9-93EA-094485193D95}"
EndProject
Project("{FAE04EC0-301F-11D3-BF4B-00C04F79EFBC}") = "20", "20\20.csproj", "{D13A3989-494A-46F4-934E-96BDAC1EF120}"
EndProject
Project("{FAE04EC0-301F-11D3-BF4B-00C04F79EFBC}") = "21", "21\21.csproj", "{DA9FF233-311E-4C70-B3D5-DBEE92616880}"
EndProject
Project("{FAE04EC0-301F-11D3-BF4B-00C04F79EFBC}") = "23", "23\23.csproj", "{639B70F5-C6BF-4B57-8C5D-679A67902BC9}"
EndProject
Project("{FAE04EC0-301F-11D3-BF4B-00C04F79EFBC}") = "22", "22\22.csproj", "{4350523A-7358-4B34-A6E2-1B36D92DEFFF}"
EndProject
Project("{FAE04EC0-301F-11D3-BF4B-00C04F79EFBC}") = "25", "25\25.csproj", "{0812C31B-449C-4509-B302-8CA3E39ED136}"
EndProject
Global
	GlobalSection(SolutionConfigurationPlatforms) = preSolution
		Debug|Any CPU = Debug|Any CPU
		Release|Any CPU = Release|Any CPU
	EndGlobalSection
	GlobalSection(ProjectConfigurationPlatforms) = postSolution
		{6988C419-71CD-4DCE-AC3C-5CCF5C38F2C5}.Debug|Any CPU.ActiveCfg = Debug|Any CPU
		{6988C419-71CD-4DCE-AC3C-5CCF5C38F2C5}.Debug|Any CPU.Build.0 = Debug|Any CPU
		{6988C419-71CD-4DCE-AC3C-5CCF5C38F2C5}.Release|Any CPU.ActiveCfg = Release|Any CPU
		{6988C419-71CD-4DCE-AC3C-5CCF5C38F2C5}.Release|Any CPU.Build.0 = Release|Any CPU
		{B078DE3F-9720-49A4-A3F8-18B999B42500}.Debug|Any CPU.ActiveCfg = Debug|Any CPU
		{B078DE3F-9720-49A4-A3F8-18B999B42500}.Debug|Any CPU.Build.0 = Debug|Any CPU
		{B078DE3F-9720-49A4-A3F8-18B999B42500}.Release|Any CPU.ActiveCfg = Release|Any CPU
		{B078DE3F-9720-49A4-A3F8-18B999B42500}.Release|Any CPU.Build.0 = Release|Any CPU
		{A3600A6F-85CE-4E0C-BA49-683D2DA3A962}.Debug|Any CPU.ActiveCfg = Debug|Any CPU
		{A3600A6F-85CE-4E0C-BA49-683D2DA3A962}.Debug|Any CPU.Build.0 = Debug|Any CPU
		{A3600A6F-85CE-4E0C-BA49-683D2DA3A962}.Release|Any CPU.ActiveCfg = Release|Any CPU
		{A3600A6F-85CE-4E0C-BA49-683D2DA3A962}.Release|Any CPU.Build.0 = Release|Any CPU
		{02D0F690-7105-49CB-A5C4-5B06AF34DE23}.Debug|Any CPU.ActiveCfg = Debug|Any CPU
		{02D0F690-7105-49CB-A5C4-5B06AF34DE23}.Debug|Any CPU.Build.0 = Debug|Any CPU
		{02D0F690-7105-49CB-A5C4-5B06AF34DE23}.Release|Any CPU.ActiveCfg = Release|Any CPU
		{02D0F690-7105-49CB-A5C4-5B06AF34DE23}.Release|Any CPU.Build.0 = Release|Any CPU
		{CC76B503-64AE-4E8F-9EBF-77C4F9DE1D19}.Debug|Any CPU.ActiveCfg = Debug|Any CPU
		{CC76B503-64AE-4E8F-9EBF-77C4F9DE1D19}.Debug|Any CPU.Build.0 = Debug|Any CPU
		{CC76B503-64AE-4E8F-9EBF-77C4F9DE1D19}.Release|Any CPU.ActiveCfg = Release|Any CPU
		{CC76B503-64AE-4E8F-9EBF-77C4F9DE1D19}.Release|Any CPU.Build.0 = Release|Any CPU
		{2D35B3CB-4664-48E7-8EBF-81CC2EAC4106}.Debug|Any CPU.ActiveCfg = Debug|Any CPU
		{2D35B3CB-4664-48E7-8EBF-81CC2EAC4106}.Debug|Any CPU.Build.0 = Debug|Any CPU
		{2D35B3CB-4664-48E7-8EBF-81CC2EAC4106}.Release|Any CPU.ActiveCfg = Release|Any CPU
		{2D35B3CB-4664-48E7-8EBF-81CC2EAC4106}.Release|Any CPU.Build.0 = Release|Any CPU
		{84178F5A-B3EC-4D19-B98C-59077549B35C}.Debug|Any CPU.ActiveCfg = Debug|Any CPU
		{84178F5A-B3EC-4D19-B98C-59077549B35C}.Debug|Any CPU.Build.0 = Debug|Any CPU
		{84178F5A-B3EC-4D19-B98C-59077549B35C}.Release|Any CPU.ActiveCfg = Release|Any CPU
		{84178F5A-B3EC-4D19-B98C-59077549B35C}.Release|Any CPU.Build.0 = Release|Any CPU
		{8971C920-C1B6-41CD-9CEC-35CC83A1007A}.Debug|Any CPU.ActiveCfg = Debug|Any CPU
		{8971C920-C1B6-41CD-9CEC-35CC83A1007A}.Debug|Any CPU.Build.0 = Debug|Any CPU
		{8971C920-C1B6-41CD-9CEC-35CC83A1007A}.Release|Any CPU.ActiveCfg = Release|Any CPU
		{8971C920-C1B6-41CD-9CEC-35CC83A1007A}.Release|Any CPU.Build.0 = Release|Any CPU
		{FCAB1E00-0253-489B-822E-CA3EAB4ADF3E}.Debug|Any CPU.ActiveCfg = Debug|Any CPU
		{FCAB1E00-0253-489B-822E-CA3EAB4ADF3E}.Debug|Any CPU.Build.0 = Debug|Any CPU
		{FCAB1E00-0253-489B-822E-CA3EAB4ADF3E}.Release|Any CPU.ActiveCfg = Release|Any CPU
		{FCAB1E00-0253-489B-822E-CA3EAB4ADF3E}.Release|Any CPU.Build.0 = Release|Any CPU
		{1BE32C99-B727-4F6E-9F9F-913B655E17A6}.Debug|Any CPU.ActiveCfg = Debug|Any CPU
		{1BE32C99-B727-4F6E-9F9F-913B655E17A6}.Debug|Any CPU.Build.0 = Debug|Any CPU
		{1BE32C99-B727-4F6E-9F9F-913B655E17A6}.Release|Any CPU.ActiveCfg = Release|Any CPU
		{1BE32C99-B727-4F6E-9F9F-913B655E17A6}.Release|Any CPU.Build.0 = Release|Any CPU
		{EDE79B35-8D99-4253-B8E2-ACC02B686E27}.Debug|Any CPU.ActiveCfg = Debug|Any CPU
		{EDE79B35-8D99-4253-B8E2-ACC02B686E27}.Debug|Any CPU.Build.0 = Debug|Any CPU
		{EDE79B35-8D99-4253-B8E2-ACC02B686E27}.Release|Any CPU.ActiveCfg = Release|Any CPU
		{EDE79B35-8D99-4253-B8E2-ACC02B686E27}.Release|Any CPU.Build.0 = Release|Any CPU
		{CEFAD86C-4B88-4775-8936-55148EA560D7}.Debug|Any CPU.ActiveCfg = Debug|Any CPU
		{CEFAD86C-4B88-4775-8936-55148EA560D7}.Debug|Any CPU.Build.0 = Debug|Any CPU
		{CEFAD86C-4B88-4775-8936-55148EA560D7}.Release|Any CPU.ActiveCfg = Release|Any CPU
		{CEFAD86C-4B88-4775-8936-55148EA560D7}.Release|Any CPU.Build.0 = Release|Any CPU
		{C5D39384-D425-498D-BEBC-D0373C3FB008}.Debug|Any CPU.ActiveCfg = Debug|Any CPU
		{C5D39384-D425-498D-BEBC-D0373C3FB008}.Debug|Any CPU.Build.0 = Debug|Any CPU
		{C5D39384-D425-498D-BEBC-D0373C3FB008}.Release|Any CPU.ActiveCfg = Release|Any CPU
		{C5D39384-D425-498D-BEBC-D0373C3FB008}.Release|Any CPU.Build.0 = Release|Any CPU
		{F1B88E2D-96FB-40A7-921B-AE7AA42052B4}.Debug|Any CPU.ActiveCfg = Debug|Any CPU
		{F1B88E2D-96FB-40A7-921B-AE7AA42052B4}.Debug|Any CPU.Build.0 = Debug|Any CPU
		{F1B88E2D-96FB-40A7-921B-AE7AA42052B4}.Release|Any CPU.ActiveCfg = Release|Any CPU
		{F1B88E2D-96FB-40A7-921B-AE7AA42052B4}.Release|Any CPU.Build.0 = Release|Any CPU
		{4F32491A-08E3-46F9-B502-B77259AD07D4}.Debug|Any CPU.ActiveCfg = Debug|Any CPU
		{4F32491A-08E3-46F9-B502-B77259AD07D4}.Debug|Any CPU.Build.0 = Debug|Any CPU
		{4F32491A-08E3-46F9-B502-B77259AD07D4}.Release|Any CPU.ActiveCfg = Release|Any CPU
		{4F32491A-08E3-46F9-B502-B77259AD07D4}.Release|Any CPU.Build.0 = Release|Any CPU
		{5CB945BF-DB6E-4629-B9CE-DB584D3296AD}.Debug|Any CPU.ActiveCfg = Debug|Any CPU
		{5CB945BF-DB6E-4629-B9CE-DB584D3296AD}.Debug|Any CPU.Build.0 = Debug|Any CPU
		{5CB945BF-DB6E-4629-B9CE-DB584D3296AD}.Release|Any CPU.ActiveCfg = Release|Any CPU
		{5CB945BF-DB6E-4629-B9CE-DB584D3296AD}.Release|Any CPU.Build.0 = Release|Any CPU
		{8FF96D46-E445-4444-980E-4112F4DB2C48}.Debug|Any CPU.ActiveCfg = Debug|Any CPU
		{8FF96D46-E445-4444-980E-4112F4DB2C48}.Debug|Any CPU.Build.0 = Debug|Any CPU
		{8FF96D46-E445-4444-980E-4112F4DB2C48}.Release|Any CPU.ActiveCfg = Release|Any CPU
		{8FF96D46-E445-4444-980E-4112F4DB2C48}.Release|Any CPU.Build.0 = Release|Any CPU
		{062B916D-5733-4196-AA56-AECE167A6EE0}.Debug|Any CPU.ActiveCfg = Debug|Any CPU
		{062B916D-5733-4196-AA56-AECE167A6EE0}.Debug|Any CPU.Build.0 = Debug|Any CPU
		{062B916D-5733-4196-AA56-AECE167A6EE0}.Release|Any CPU.ActiveCfg = Release|Any CPU
		{062B916D-5733-4196-AA56-AECE167A6EE0}.Release|Any CPU.Build.0 = Release|Any CPU
		{A470E6BD-CE70-41D9-93EA-094485193D95}.Debug|Any CPU.ActiveCfg = Debug|Any CPU
		{A470E6BD-CE70-41D9-93EA-094485193D95}.Debug|Any CPU.Build.0 = Debug|Any CPU
		{A470E6BD-CE70-41D9-93EA-094485193D95}.Release|Any CPU.ActiveCfg = Release|Any CPU
		{A470E6BD-CE70-41D9-93EA-094485193D95}.Release|Any CPU.Build.0 = Release|Any CPU
		{D13A3989-494A-46F4-934E-96BDAC1EF120}.Debug|Any CPU.ActiveCfg = Debug|Any CPU
		{D13A3989-494A-46F4-934E-96BDAC1EF120}.Debug|Any CPU.Build.0 = Debug|Any CPU
		{D13A3989-494A-46F4-934E-96BDAC1EF120}.Release|Any CPU.ActiveCfg = Release|Any CPU
		{D13A3989-494A-46F4-934E-96BDAC1EF120}.Release|Any CPU.Build.0 = Release|Any CPU
		{DA9FF233-311E-4C70-B3D5-DBEE92616880}.Debug|Any CPU.ActiveCfg = Debug|Any CPU
		{DA9FF233-311E-4C70-B3D5-DBEE92616880}.Debug|Any CPU.Build.0 = Debug|Any CPU
		{DA9FF233-311E-4C70-B3D5-DBEE92616880}.Release|Any CPU.ActiveCfg = Release|Any CPU
		{DA9FF233-311E-4C70-B3D5-DBEE92616880}.Release|Any CPU.Build.0 = Release|Any CPU
		{639B70F5-C6BF-4B57-8C5D-679A67902BC9}.Debug|Any CPU.ActiveCfg = Debug|Any CPU
		{639B70F5-C6BF-4B57-8C5D-679A67902BC9}.Debug|Any CPU.Build.0 = Debug|Any CPU
		{639B70F5-C6BF-4B57-8C5D-679A67902BC9}.Release|Any CPU.ActiveCfg = Release|Any CPU
		{639B70F5-C6BF-4B57-8C5D-679A67902BC9}.Release|Any CPU.Build.0 = Release|Any CPU
		{4350523A-7358-4B34-A6E2-1B36D92DEFFF}.Debug|Any CPU.ActiveCfg = Debug|Any CPU
		{4350523A-7358-4B34-A6E2-1B36D92DEFFF}.Debug|Any CPU.Build.0 = Debug|Any CPU
		{4350523A-7358-4B34-A6E2-1B36D92DEFFF}.Release|Any CPU.ActiveCfg = Release|Any CPU
		{4350523A-7358-4B34-A6E2-1B36D92DEFFF}.Release|Any CPU.Build.0 = Release|Any CPU
		{0812C31B-449C-4509-B302-8CA3E39ED136}.Debug|Any CPU.ActiveCfg = Debug|Any CPU
		{0812C31B-449C-4509-B302-8CA3E39ED136}.Debug|Any CPU.Build.0 = Debug|Any CPU
		{0812C31B-449C-4509-B302-8CA3E39ED136}.Release|Any CPU.ActiveCfg = Release|Any CPU
		{0812C31B-449C-4509-B302-8CA3E39ED136}.Release|Any CPU.Build.0 = Release|Any CPU
	EndGlobalSection
	GlobalSection(SolutionProperties) = preSolution
		HideSolutionNode = FALSE
	EndGlobalSection
EndGlobal
