
Microsoft Visual Studio Solution File, Format Version 12.00
# Visual Studio 15
VisualStudioVersion = 15.0.26403.3
MinimumVisualStudioVersion = 10.0.40219.1
Project("{FAE04EC0-301F-11D3-BF4B-00C04F79EFBC}") = "01.Fishland", "01.Fishland\01.Fishland.csproj", "{ACADEB88-C97C-432F-9284-7DCF30102394}"
EndProject
Project("{FAE04EC0-301F-11D3-BF4B-00C04F79EFBC}") = "02.Pets", "02.Pets\02.Pets.csproj", "{7CF4BC75-DC56-4CF6-B02E-2CFF2ECB26FD}"
EndProject
Project("{FAE04EC0-301F-11D3-BF4B-00C04F79EFBC}") = "03.Vacation", "03.Vacation\03.Vacation.csproj", "{0E0995AA-050C-438E-ABE3-BA8BE1FB9D66}"
EndProject
Project("{FAE04EC0-301F-11D3-BF4B-00C04F79EFBC}") = "04.SoftUniCamp", "04.SoftUniCamp\04.SoftUniCamp.csproj", "{22DE92DC-EB5F-4A5A-86DC-C6ABA1072383}"
EndProject
Project("{FAE04EC0-301F-11D3-BF4B-00C04F79EFBC}") = "05.Fox", "05.Fox\05.Fox.csproj", "{D0D92943-B49B-494A-B6B3-48C70CF1A614}"
EndProject
Project("{FAE04EC0-301F-11D3-BF4B-00C04F79EFBC}") = "06.Battles", "06.Battles\06.Battles.csproj", "{FF2D01C4-37BF-4AAA-9864-7263F76F7FD9}"
EndProject
Global
	GlobalSection(SolutionConfigurationPlatforms) = preSolution
		Debug|Any CPU = Debug|Any CPU
		Release|Any CPU = Release|Any CPU
	EndGlobalSection
	GlobalSection(ProjectConfigurationPlatforms) = postSolution
		{ACADEB88-C97C-432F-9284-7DCF30102394}.Debug|Any CPU.ActiveCfg = Debug|Any CPU
		{ACADEB88-C97C-432F-9284-7DCF30102394}.Debug|Any CPU.Build.0 = Debug|Any CPU
		{ACADEB88-C97C-432F-9284-7DCF30102394}.Release|Any CPU.ActiveCfg = Release|Any CPU
		{ACADEB88-C97C-432F-9284-7DCF30102394}.Release|Any CPU.Build.0 = Release|Any CPU
		{7CF4BC75-DC56-4CF6-B02E-2CFF2ECB26FD}.Debug|Any CPU.ActiveCfg = Debug|Any CPU
		{7CF4BC75-DC56-4CF6-B02E-2CFF2ECB26FD}.Debug|Any CPU.Build.0 = Debug|Any CPU
		{7CF4BC75-DC56-4CF6-B02E-2CFF2ECB26FD}.Release|Any CPU.ActiveCfg = Release|Any CPU
		{7CF4BC75-DC56-4CF6-B02E-2CFF2ECB26FD}.Release|Any CPU.Build.0 = Release|Any CPU
		{0E0995AA-050C-438E-ABE3-BA8BE1FB9D66}.Debug|Any CPU.ActiveCfg = Debug|Any CPU
		{0E0995AA-050C-438E-ABE3-BA8BE1FB9D66}.Debug|Any CPU.Build.0 = Debug|Any CPU
		{0E0995AA-050C-438E-ABE3-BA8BE1FB9D66}.Release|Any CPU.ActiveCfg = Release|Any CPU
		{0E0995AA-050C-438E-ABE3-BA8BE1FB9D66}.Release|Any CPU.Build.0 = Release|Any CPU
		{22DE92DC-EB5F-4A5A-86DC-C6ABA1072383}.Debug|Any CPU.ActiveCfg = Debug|Any CPU
		{22DE92DC-EB5F-4A5A-86DC-C6ABA1072383}.Debug|Any CPU.Build.0 = Debug|Any CPU
		{22DE92DC-EB5F-4A5A-86DC-C6ABA1072383}.Release|Any CPU.ActiveCfg = Release|Any CPU
		{22DE92DC-EB5F-4A5A-86DC-C6ABA1072383}.Release|Any CPU.Build.0 = Release|Any CPU
		{D0D92943-B49B-494A-B6B3-48C70CF1A614}.Debug|Any CPU.ActiveCfg = Debug|Any CPU
		{D0D92943-B49B-494A-B6B3-48C70CF1A614}.Debug|Any CPU.Build.0 = Debug|Any CPU
		{D0D92943-B49B-494A-B6B3-48C70CF1A614}.Release|Any CPU.ActiveCfg = Release|Any CPU
		{D0D92943-B49B-494A-B6B3-48C70CF1A614}.Release|Any CPU.Build.0 = Release|Any CPU
		{FF2D01C4-37BF-4AAA-9864-7263F76F7FD9}.Debug|Any CPU.ActiveCfg = Debug|Any CPU
		{FF2D01C4-37BF-4AAA-9864-7263F76F7FD9}.Debug|Any CPU.Build.0 = Debug|Any CPU
		{FF2D01C4-37BF-4AAA-9864-7263F76F7FD9}.Release|Any CPU.ActiveCfg = Release|Any CPU
		{FF2D01C4-37BF-4AAA-9864-7263F76F7FD9}.Release|Any CPU.Build.0 = Release|Any CPU
	EndGlobalSection
	GlobalSection(SolutionProperties) = preSolution
		HideSolutionNode = FALSE
	EndGlobalSection
EndGlobal
