
Microsoft Visual Studio Solution File, Format Version 12.00
# Visual Studio 15
VisualStudioVersion = 15.0.26403.3
MinimumVisualStudioVersion = 10.0.40219.1
Project("{FAE04EC0-301F-11D3-BF4B-00C04F79EFBC}") = "01.DrawRectangle", "01.DrawRectangle\01.DrawRectangle.csproj", "{8A922569-8915-4B4C-B1BE-8D16833A0610}"
EndProject
Project("{FAE04EC0-301F-11D3-BF4B-00C04F79EFBC}") = "02.DrawSquare", "02.DrawSquare\02.DrawSquare.csproj", "{C227E846-A327-4B54-8104-9A3F6250DC60}"
EndProject
Project("{FAE04EC0-301F-11D3-BF4B-00C04F79EFBC}") = "03.TriangleByDollar", "03.TriangleByDollar\03.TriangleByDollar.csproj", "{8254BAE9-28F6-43B5-91AE-E31CE3BC1C0B}"
EndProject
Project("{FAE04EC0-301F-11D3-BF4B-00C04F79EFBC}") = "04.SguareRamka", "04.SguareRamka\04.SguareRamka.csproj", "{FE73593A-64F7-4A23-8292-F88407B6B0B1}"
EndProject
Project("{FAE04EC0-301F-11D3-BF4B-00C04F79EFBC}") = "05.Diamond", "05.Diamond\05.Diamond.csproj", "{5407F834-87A9-46B8-A10F-EE49BB121AD5}"
EndProject
Project("{FAE04EC0-301F-11D3-BF4B-00C04F79EFBC}") = "06.CristmasTree", "06.CristmasTree\06.CristmasTree.csproj", "{124C58CB-4A17-4E3E-8042-698178F37192}"
EndProject
Project("{FAE04EC0-301F-11D3-BF4B-00C04F79EFBC}") = "07.Glasses", "07.Glass\07.Glasses.csproj", "{B822352E-393D-4978-88B8-3A8DFF2D392D}"
EndProject
Project("{FAE04EC0-301F-11D3-BF4B-00C04F79EFBC}") = "08.DrawHouse", "08.DrawHouse\08.DrawHouse.csproj", "{F8B61A2C-BF19-48EC-8E8C-33E81771906F}"
EndProject
Global
	GlobalSection(SolutionConfigurationPlatforms) = preSolution
		Debug|Any CPU = Debug|Any CPU
		Release|Any CPU = Release|Any CPU
	EndGlobalSection
	GlobalSection(ProjectConfigurationPlatforms) = postSolution
		{8A922569-8915-4B4C-B1BE-8D16833A0610}.Debug|Any CPU.ActiveCfg = Debug|Any CPU
		{8A922569-8915-4B4C-B1BE-8D16833A0610}.Debug|Any CPU.Build.0 = Debug|Any CPU
		{8A922569-8915-4B4C-B1BE-8D16833A0610}.Release|Any CPU.ActiveCfg = Release|Any CPU
		{8A922569-8915-4B4C-B1BE-8D16833A0610}.Release|Any CPU.Build.0 = Release|Any CPU
		{C227E846-A327-4B54-8104-9A3F6250DC60}.Debug|Any CPU.ActiveCfg = Debug|Any CPU
		{C227E846-A327-4B54-8104-9A3F6250DC60}.Debug|Any CPU.Build.0 = Debug|Any CPU
		{C227E846-A327-4B54-8104-9A3F6250DC60}.Release|Any CPU.ActiveCfg = Release|Any CPU
		{C227E846-A327-4B54-8104-9A3F6250DC60}.Release|Any CPU.Build.0 = Release|Any CPU
		{8254BAE9-28F6-43B5-91AE-E31CE3BC1C0B}.Debug|Any CPU.ActiveCfg = Debug|Any CPU
		{8254BAE9-28F6-43B5-91AE-E31CE3BC1C0B}.Debug|Any CPU.Build.0 = Debug|Any CPU
		{8254BAE9-28F6-43B5-91AE-E31CE3BC1C0B}.Release|Any CPU.ActiveCfg = Release|Any CPU
		{8254BAE9-28F6-43B5-91AE-E31CE3BC1C0B}.Release|Any CPU.Build.0 = Release|Any CPU
		{FE73593A-64F7-4A23-8292-F88407B6B0B1}.Debug|Any CPU.ActiveCfg = Debug|Any CPU
		{FE73593A-64F7-4A23-8292-F88407B6B0B1}.Debug|Any CPU.Build.0 = Debug|Any CPU
		{FE73593A-64F7-4A23-8292-F88407B6B0B1}.Release|Any CPU.ActiveCfg = Release|Any CPU
		{FE73593A-64F7-4A23-8292-F88407B6B0B1}.Release|Any CPU.Build.0 = Release|Any CPU
		{5407F834-87A9-46B8-A10F-EE49BB121AD5}.Debug|Any CPU.ActiveCfg = Debug|Any CPU
		{5407F834-87A9-46B8-A10F-EE49BB121AD5}.Debug|Any CPU.Build.0 = Debug|Any CPU
		{5407F834-87A9-46B8-A10F-EE49BB121AD5}.Release|Any CPU.ActiveCfg = Release|Any CPU
		{5407F834-87A9-46B8-A10F-EE49BB121AD5}.Release|Any CPU.Build.0 = Release|Any CPU
		{124C58CB-4A17-4E3E-8042-698178F37192}.Debug|Any CPU.ActiveCfg = Debug|Any CPU
		{124C58CB-4A17-4E3E-8042-698178F37192}.Debug|Any CPU.Build.0 = Debug|Any CPU
		{124C58CB-4A17-4E3E-8042-698178F37192}.Release|Any CPU.ActiveCfg = Release|Any CPU
		{124C58CB-4A17-4E3E-8042-698178F37192}.Release|Any CPU.Build.0 = Release|Any CPU
		{B822352E-393D-4978-88B8-3A8DFF2D392D}.Debug|Any CPU.ActiveCfg = Debug|Any CPU
		{B822352E-393D-4978-88B8-3A8DFF2D392D}.Debug|Any CPU.Build.0 = Debug|Any CPU
		{B822352E-393D-4978-88B8-3A8DFF2D392D}.Release|Any CPU.ActiveCfg = Release|Any CPU
		{B822352E-393D-4978-88B8-3A8DFF2D392D}.Release|Any CPU.Build.0 = Release|Any CPU
		{F8B61A2C-BF19-48EC-8E8C-33E81771906F}.Debug|Any CPU.ActiveCfg = Debug|Any CPU
		{F8B61A2C-BF19-48EC-8E8C-33E81771906F}.Debug|Any CPU.Build.0 = Debug|Any CPU
		{F8B61A2C-BF19-48EC-8E8C-33E81771906F}.Release|Any CPU.ActiveCfg = Release|Any CPU
		{F8B61A2C-BF19-48EC-8E8C-33E81771906F}.Release|Any CPU.Build.0 = Release|Any CPU
	EndGlobalSection
	GlobalSection(SolutionProperties) = preSolution
		HideSolutionNode = FALSE
	EndGlobalSection
EndGlobal
