
Microsoft Visual Studio Solution File, Format Version 12.00
# Visual Studio 14
VisualStudioVersion = 14.0.25420.1
MinimumVisualStudioVersion = 10.0.40219.1
Project("{FAE04EC0-301F-11D3-BF4B-00C04F79EFBC}") = "1.VariableTypes", "Homework1\1.VariableTypes.csproj", "{F74735E8-C4EC-4C03-BD93-360179243D9B}"
EndProject
Project("{FAE04EC0-301F-11D3-BF4B-00C04F79EFBC}") = "2.FloatDouble", "FloatDouble\2.FloatDouble.csproj", "{8AE4DD17-3A7F-4F02-977C-1E2898777503}"
EndProject
Project("{FAE04EC0-301F-11D3-BF4B-00C04F79EFBC}") = "3. FloatingPoint", "3. FloatimgPoint\3. FloatingPoint.csproj", "{46DE3767-98A2-42E9-988E-2945C471F539}"
EndProject
Project("{FAE04EC0-301F-11D3-BF4B-00C04F79EFBC}") = "4.HexademicalFormat", "4.HexademicalFormat\4.HexademicalFormat.csproj", "{8276493D-E674-44D1-A1C2-13B55878B9A0}"
EndProject
Project("{FAE04EC0-301F-11D3-BF4B-00C04F79EFBC}") = "5.DeclareChar72", "5.DeclareChar72\5.DeclareChar72.csproj", "{3E8702B7-A6DB-4A65-AB27-41BD3E3CE27C}"
EndProject
Project("{FAE04EC0-301F-11D3-BF4B-00C04F79EFBC}") = "6.BoleanisFemale", "6.BoleanisFemale\6.BoleanisFemale.csproj", "{8C59FEEA-CFC3-40ED-99E0-805DC6E6CC72}"
EndProject
Project("{FAE04EC0-301F-11D3-BF4B-00C04F79EFBC}") = "7.StringObject", "7.StringObject\7.StringObject.csproj", "{1E3AB6F7-756A-4993-82B7-FAC32DBEBBC3}"
EndProject
Project("{FAE04EC0-301F-11D3-BF4B-00C04F79EFBC}") = "8.Quotation", "Quotation\8.Quotation.csproj", "{C1DB9727-5143-4508-BE13-4B8A17EE1206}"
EndProject
Project("{FAE04EC0-301F-11D3-BF4B-00C04F79EFBC}") = "9.OutputEncoding", "OutputEncoding\9.OutputEncoding.csproj", "{9166C178-FE9C-4D5E-8830-340B84C4DA10}"
EndProject
Project("{FAE04EC0-301F-11D3-BF4B-00C04F79EFBC}") = "10.AppropriateDataTypes", "10.AppropriateDataTypes\10.AppropriateDataTypes.csproj", "{A069FD1E-1650-4722-94FE-CD841B88CC0F}"
EndProject
Project("{FAE04EC0-301F-11D3-BF4B-00C04F79EFBC}") = "11.ExchangeValues", "11.ExchangeValues\11.ExchangeValues.csproj", "{044EDDC0-AA18-4936-8C15-D709BE3714E2}"
EndProject
Project("{FAE04EC0-301F-11D3-BF4B-00C04F79EFBC}") = "12.PrintASCIITable", "12.PrintASCIITable\12.PrintASCIITable.csproj", "{53873135-B984-4128-8563-F5FF52687FB2}"
EndProject
Project("{FAE04EC0-301F-11D3-BF4B-00C04F79EFBC}") = "13.IntegerAndDoubleNull", "13.IntegerAndDoubleNull\13.IntegerAndDoubleNull.csproj", "{B97EFC6A-7F27-4C43-AEBD-CAA5A552547B}"
EndProject
Project("{FAE04EC0-301F-11D3-BF4B-00C04F79EFBC}") = "14.ChooseCorrectVariable", "14.ChooseCorrectVariable\14.ChooseCorrectVariable.csproj", "{9ED85463-C893-465A-98CC-98BA2FEC36B6}"
EndProject
Global
	GlobalSection(SolutionConfigurationPlatforms) = preSolution
		Debug|Any CPU = Debug|Any CPU
		Release|Any CPU = Release|Any CPU
	EndGlobalSection
	GlobalSection(ProjectConfigurationPlatforms) = postSolution
		{F74735E8-C4EC-4C03-BD93-360179243D9B}.Debug|Any CPU.ActiveCfg = Debug|Any CPU
		{F74735E8-C4EC-4C03-BD93-360179243D9B}.Debug|Any CPU.Build.0 = Debug|Any CPU
		{F74735E8-C4EC-4C03-BD93-360179243D9B}.Release|Any CPU.ActiveCfg = Release|Any CPU
		{F74735E8-C4EC-4C03-BD93-360179243D9B}.Release|Any CPU.Build.0 = Release|Any CPU
		{8AE4DD17-3A7F-4F02-977C-1E2898777503}.Debug|Any CPU.ActiveCfg = Debug|Any CPU
		{8AE4DD17-3A7F-4F02-977C-1E2898777503}.Debug|Any CPU.Build.0 = Debug|Any CPU
		{8AE4DD17-3A7F-4F02-977C-1E2898777503}.Release|Any CPU.ActiveCfg = Release|Any CPU
		{8AE4DD17-3A7F-4F02-977C-1E2898777503}.Release|Any CPU.Build.0 = Release|Any CPU
		{46DE3767-98A2-42E9-988E-2945C471F539}.Debug|Any CPU.ActiveCfg = Debug|Any CPU
		{46DE3767-98A2-42E9-988E-2945C471F539}.Debug|Any CPU.Build.0 = Debug|Any CPU
		{46DE3767-98A2-42E9-988E-2945C471F539}.Release|Any CPU.ActiveCfg = Release|Any CPU
		{46DE3767-98A2-42E9-988E-2945C471F539}.Release|Any CPU.Build.0 = Release|Any CPU
		{8276493D-E674-44D1-A1C2-13B55878B9A0}.Debug|Any CPU.ActiveCfg = Debug|Any CPU
		{8276493D-E674-44D1-A1C2-13B55878B9A0}.Debug|Any CPU.Build.0 = Debug|Any CPU
		{8276493D-E674-44D1-A1C2-13B55878B9A0}.Release|Any CPU.ActiveCfg = Release|Any CPU
		{8276493D-E674-44D1-A1C2-13B55878B9A0}.Release|Any CPU.Build.0 = Release|Any CPU
		{3E8702B7-A6DB-4A65-AB27-41BD3E3CE27C}.Debug|Any CPU.ActiveCfg = Debug|Any CPU
		{3E8702B7-A6DB-4A65-AB27-41BD3E3CE27C}.Debug|Any CPU.Build.0 = Debug|Any CPU
		{3E8702B7-A6DB-4A65-AB27-41BD3E3CE27C}.Release|Any CPU.ActiveCfg = Release|Any CPU
		{3E8702B7-A6DB-4A65-AB27-41BD3E3CE27C}.Release|Any CPU.Build.0 = Release|Any CPU
		{8C59FEEA-CFC3-40ED-99E0-805DC6E6CC72}.Debug|Any CPU.ActiveCfg = Debug|Any CPU
		{8C59FEEA-CFC3-40ED-99E0-805DC6E6CC72}.Debug|Any CPU.Build.0 = Debug|Any CPU
		{8C59FEEA-CFC3-40ED-99E0-805DC6E6CC72}.Release|Any CPU.ActiveCfg = Release|Any CPU
		{8C59FEEA-CFC3-40ED-99E0-805DC6E6CC72}.Release|Any CPU.Build.0 = Release|Any CPU
		{1E3AB6F7-756A-4993-82B7-FAC32DBEBBC3}.Debug|Any CPU.ActiveCfg = Debug|Any CPU
		{1E3AB6F7-756A-4993-82B7-FAC32DBEBBC3}.Debug|Any CPU.Build.0 = Debug|Any CPU
		{1E3AB6F7-756A-4993-82B7-FAC32DBEBBC3}.Release|Any CPU.ActiveCfg = Release|Any CPU
		{1E3AB6F7-756A-4993-82B7-FAC32DBEBBC3}.Release|Any CPU.Build.0 = Release|Any CPU
		{C1DB9727-5143-4508-BE13-4B8A17EE1206}.Debug|Any CPU.ActiveCfg = Debug|Any CPU
		{C1DB9727-5143-4508-BE13-4B8A17EE1206}.Debug|Any CPU.Build.0 = Debug|Any CPU
		{C1DB9727-5143-4508-BE13-4B8A17EE1206}.Release|Any CPU.ActiveCfg = Release|Any CPU
		{C1DB9727-5143-4508-BE13-4B8A17EE1206}.Release|Any CPU.Build.0 = Release|Any CPU
		{9166C178-FE9C-4D5E-8830-340B84C4DA10}.Debug|Any CPU.ActiveCfg = Debug|Any CPU
		{9166C178-FE9C-4D5E-8830-340B84C4DA10}.Debug|Any CPU.Build.0 = Debug|Any CPU
		{9166C178-FE9C-4D5E-8830-340B84C4DA10}.Release|Any CPU.ActiveCfg = Release|Any CPU
		{9166C178-FE9C-4D5E-8830-340B84C4DA10}.Release|Any CPU.Build.0 = Release|Any CPU
		{A069FD1E-1650-4722-94FE-CD841B88CC0F}.Debug|Any CPU.ActiveCfg = Debug|Any CPU
		{A069FD1E-1650-4722-94FE-CD841B88CC0F}.Debug|Any CPU.Build.0 = Debug|Any CPU
		{A069FD1E-1650-4722-94FE-CD841B88CC0F}.Release|Any CPU.ActiveCfg = Release|Any CPU
		{A069FD1E-1650-4722-94FE-CD841B88CC0F}.Release|Any CPU.Build.0 = Release|Any CPU
		{044EDDC0-AA18-4936-8C15-D709BE3714E2}.Debug|Any CPU.ActiveCfg = Debug|Any CPU
		{044EDDC0-AA18-4936-8C15-D709BE3714E2}.Debug|Any CPU.Build.0 = Debug|Any CPU
		{044EDDC0-AA18-4936-8C15-D709BE3714E2}.Release|Any CPU.ActiveCfg = Release|Any CPU
		{044EDDC0-AA18-4936-8C15-D709BE3714E2}.Release|Any CPU.Build.0 = Release|Any CPU
		{53873135-B984-4128-8563-F5FF52687FB2}.Debug|Any CPU.ActiveCfg = Debug|Any CPU
		{53873135-B984-4128-8563-F5FF52687FB2}.Debug|Any CPU.Build.0 = Debug|Any CPU
		{53873135-B984-4128-8563-F5FF52687FB2}.Release|Any CPU.ActiveCfg = Release|Any CPU
		{53873135-B984-4128-8563-F5FF52687FB2}.Release|Any CPU.Build.0 = Release|Any CPU
		{B97EFC6A-7F27-4C43-AEBD-CAA5A552547B}.Debug|Any CPU.ActiveCfg = Debug|Any CPU
		{B97EFC6A-7F27-4C43-AEBD-CAA5A552547B}.Debug|Any CPU.Build.0 = Debug|Any CPU
		{B97EFC6A-7F27-4C43-AEBD-CAA5A552547B}.Release|Any CPU.ActiveCfg = Release|Any CPU
		{B97EFC6A-7F27-4C43-AEBD-CAA5A552547B}.Release|Any CPU.Build.0 = Release|Any CPU
		{9ED85463-C893-465A-98CC-98BA2FEC36B6}.Debug|Any CPU.ActiveCfg = Debug|Any CPU
		{9ED85463-C893-465A-98CC-98BA2FEC36B6}.Debug|Any CPU.Build.0 = Debug|Any CPU
		{9ED85463-C893-465A-98CC-98BA2FEC36B6}.Release|Any CPU.ActiveCfg = Release|Any CPU
		{9ED85463-C893-465A-98CC-98BA2FEC36B6}.Release|Any CPU.Build.0 = Release|Any CPU
	EndGlobalSection
	GlobalSection(SolutionProperties) = preSolution
		HideSolutionNode = FALSE
	EndGlobalSection
EndGlobal
