
Microsoft Visual Studio Solution File, Format Version 12.00
# Visual Studio 15
VisualStudioVersion = 15.0.26403.3
MinimumVisualStudioVersion = 10.0.40219.1
Project("{FAE04EC0-301F-11D3-BF4B-00C04F79EFBC}") = "01", "01\01.csproj", "{B09B8EDB-FF55-40FF-A3C7-27D8F2E07812}"
EndProject
Project("{FAE04EC0-301F-11D3-BF4B-00C04F79EFBC}") = "02", "02\02.csproj", "{7607CF13-954D-48F2-B560-84024D241C0C}"
EndProject
Project("{FAE04EC0-301F-11D3-BF4B-00C04F79EFBC}") = "03", "03\03.csproj", "{6303A860-FDEC-4B29-A011-29935AE284B4}"
EndProject
Project("{FAE04EC0-301F-11D3-BF4B-00C04F79EFBC}") = "04", "04\04.csproj", "{46C6622E-5C9B-488E-A16D-6964B412360D}"
EndProject
Project("{FAE04EC0-301F-11D3-BF4B-00C04F79EFBC}") = "05", "05\05.csproj", "{390CEF5A-DB76-4DA6-839E-56C6302FC9F5}"
EndProject
Project("{FAE04EC0-301F-11D3-BF4B-00C04F79EFBC}") = "06", "06\06.csproj", "{64D311A6-479E-47F0-8DCE-1B2BBFE8DFD2}"
EndProject
Project("{FAE04EC0-301F-11D3-BF4B-00C04F79EFBC}") = "07", "07\07.csproj", "{EF2D18C2-FBCD-4207-98F8-10D155A15F34}"
EndProject
Project("{FAE04EC0-301F-11D3-BF4B-00C04F79EFBC}") = "08", "08\08.csproj", "{A9D7B635-2A5E-45A7-B68E-C4140C9C5997}"
EndProject
Project("{FAE04EC0-301F-11D3-BF4B-00C04F79EFBC}") = "09", "09\09.csproj", "{2C222E6B-1551-4849-BA13-3272FF9FF0FE}"
EndProject
Project("{FAE04EC0-301F-11D3-BF4B-00C04F79EFBC}") = "10", "10\10.csproj", "{A0E5EC8C-03F5-4415-93FE-2B78FE125F8D}"
EndProject
Project("{FAE04EC0-301F-11D3-BF4B-00C04F79EFBC}") = "11", "11\11.csproj", "{1FB3A713-AF32-498B-98A6-ED77CA665E15}"
EndProject
Project("{FAE04EC0-301F-11D3-BF4B-00C04F79EFBC}") = "12", "12\12.csproj", "{5834AE97-2653-4D64-9D9C-4C888044034A}"
EndProject
Project("{FAE04EC0-301F-11D3-BF4B-00C04F79EFBC}") = "13", "13\13.csproj", "{CD3F8BBC-942C-476C-998C-0A1A0F947417}"
EndProject
Project("{FAE04EC0-301F-11D3-BF4B-00C04F79EFBC}") = "14", "14\14.csproj", "{0F9AD81A-7930-4D05-9CE4-A65CB31A7F16}"
EndProject
Project("{FAE04EC0-301F-11D3-BF4B-00C04F79EFBC}") = "15", "15\15.csproj", "{56DF3921-451E-492E-ABC8-CDFA03A48CE3}"
EndProject
Project("{FAE04EC0-301F-11D3-BF4B-00C04F79EFBC}") = "16", "16\16.csproj", "{BEE36958-7C13-4D71-8A26-96A68E1D6A7E}"
EndProject
Project("{FAE04EC0-301F-11D3-BF4B-00C04F79EFBC}") = "17", "17\17.csproj", "{EE0A1B03-273C-498C-85B0-9AF226646540}"
EndProject
Project("{FAE04EC0-301F-11D3-BF4B-00C04F79EFBC}") = "18", "18\18.csproj", "{D6073725-9FA7-420E-B111-7051CA2184F0}"
EndProject
Project("{FAE04EC0-301F-11D3-BF4B-00C04F79EFBC}") = "19", "19\19.csproj", "{94EEBDA2-3A21-4F42-93F4-C9D646DA1A09}"
EndProject
Project("{FAE04EC0-301F-11D3-BF4B-00C04F79EFBC}") = "20", "20\20.csproj", "{3AB62AFC-5E10-42CD-BC88-D31BBAEC20E5}"
EndProject
Project("{FAE04EC0-301F-11D3-BF4B-00C04F79EFBC}") = "21", "21\21.csproj", "{867DF907-8584-42A3-845A-403C826870E6}"
EndProject
Project("{FAE04EC0-301F-11D3-BF4B-00C04F79EFBC}") = "22", "22\22.csproj", "{B7A4BCA6-3DCC-4730-82E9-5D7E85582E5E}"
EndProject
Project("{FAE04EC0-301F-11D3-BF4B-00C04F79EFBC}") = "23", "23\23.csproj", "{B39B3AA3-B32A-4C8E-B695-11C69826D6F2}"
EndProject
Project("{FAE04EC0-301F-11D3-BF4B-00C04F79EFBC}") = "24", "24\24.csproj", "{A85503B5-3A0E-42C4-BFC3-990FD96A6393}"
EndProject
Global
	GlobalSection(SolutionConfigurationPlatforms) = preSolution
		Debug|Any CPU = Debug|Any CPU
		Release|Any CPU = Release|Any CPU
	EndGlobalSection
	GlobalSection(ProjectConfigurationPlatforms) = postSolution
		{B09B8EDB-FF55-40FF-A3C7-27D8F2E07812}.Debug|Any CPU.ActiveCfg = Debug|Any CPU
		{B09B8EDB-FF55-40FF-A3C7-27D8F2E07812}.Debug|Any CPU.Build.0 = Debug|Any CPU
		{B09B8EDB-FF55-40FF-A3C7-27D8F2E07812}.Release|Any CPU.ActiveCfg = Release|Any CPU
		{B09B8EDB-FF55-40FF-A3C7-27D8F2E07812}.Release|Any CPU.Build.0 = Release|Any CPU
		{7607CF13-954D-48F2-B560-84024D241C0C}.Debug|Any CPU.ActiveCfg = Debug|Any CPU
		{7607CF13-954D-48F2-B560-84024D241C0C}.Debug|Any CPU.Build.0 = Debug|Any CPU
		{7607CF13-954D-48F2-B560-84024D241C0C}.Release|Any CPU.ActiveCfg = Release|Any CPU
		{7607CF13-954D-48F2-B560-84024D241C0C}.Release|Any CPU.Build.0 = Release|Any CPU
		{6303A860-FDEC-4B29-A011-29935AE284B4}.Debug|Any CPU.ActiveCfg = Debug|Any CPU
		{6303A860-FDEC-4B29-A011-29935AE284B4}.Debug|Any CPU.Build.0 = Debug|Any CPU
		{6303A860-FDEC-4B29-A011-29935AE284B4}.Release|Any CPU.ActiveCfg = Release|Any CPU
		{6303A860-FDEC-4B29-A011-29935AE284B4}.Release|Any CPU.Build.0 = Release|Any CPU
		{46C6622E-5C9B-488E-A16D-6964B412360D}.Debug|Any CPU.ActiveCfg = Debug|Any CPU
		{46C6622E-5C9B-488E-A16D-6964B412360D}.Debug|Any CPU.Build.0 = Debug|Any CPU
		{46C6622E-5C9B-488E-A16D-6964B412360D}.Release|Any CPU.ActiveCfg = Release|Any CPU
		{46C6622E-5C9B-488E-A16D-6964B412360D}.Release|Any CPU.Build.0 = Release|Any CPU
		{390CEF5A-DB76-4DA6-839E-56C6302FC9F5}.Debug|Any CPU.ActiveCfg = Debug|Any CPU
		{390CEF5A-DB76-4DA6-839E-56C6302FC9F5}.Debug|Any CPU.Build.0 = Debug|Any CPU
		{390CEF5A-DB76-4DA6-839E-56C6302FC9F5}.Release|Any CPU.ActiveCfg = Release|Any CPU
		{390CEF5A-DB76-4DA6-839E-56C6302FC9F5}.Release|Any CPU.Build.0 = Release|Any CPU
		{64D311A6-479E-47F0-8DCE-1B2BBFE8DFD2}.Debug|Any CPU.ActiveCfg = Debug|Any CPU
		{64D311A6-479E-47F0-8DCE-1B2BBFE8DFD2}.Debug|Any CPU.Build.0 = Debug|Any CPU
		{64D311A6-479E-47F0-8DCE-1B2BBFE8DFD2}.Release|Any CPU.ActiveCfg = Release|Any CPU
		{64D311A6-479E-47F0-8DCE-1B2BBFE8DFD2}.Release|Any CPU.Build.0 = Release|Any CPU
		{EF2D18C2-FBCD-4207-98F8-10D155A15F34}.Debug|Any CPU.ActiveCfg = Debug|Any CPU
		{EF2D18C2-FBCD-4207-98F8-10D155A15F34}.Debug|Any CPU.Build.0 = Debug|Any CPU
		{EF2D18C2-FBCD-4207-98F8-10D155A15F34}.Release|Any CPU.ActiveCfg = Release|Any CPU
		{EF2D18C2-FBCD-4207-98F8-10D155A15F34}.Release|Any CPU.Build.0 = Release|Any CPU
		{A9D7B635-2A5E-45A7-B68E-C4140C9C5997}.Debug|Any CPU.ActiveCfg = Debug|Any CPU
		{A9D7B635-2A5E-45A7-B68E-C4140C9C5997}.Debug|Any CPU.Build.0 = Debug|Any CPU
		{A9D7B635-2A5E-45A7-B68E-C4140C9C5997}.Release|Any CPU.ActiveCfg = Release|Any CPU
		{A9D7B635-2A5E-45A7-B68E-C4140C9C5997}.Release|Any CPU.Build.0 = Release|Any CPU
		{2C222E6B-1551-4849-BA13-3272FF9FF0FE}.Debug|Any CPU.ActiveCfg = Debug|Any CPU
		{2C222E6B-1551-4849-BA13-3272FF9FF0FE}.Debug|Any CPU.Build.0 = Debug|Any CPU
		{2C222E6B-1551-4849-BA13-3272FF9FF0FE}.Release|Any CPU.ActiveCfg = Release|Any CPU
		{2C222E6B-1551-4849-BA13-3272FF9FF0FE}.Release|Any CPU.Build.0 = Release|Any CPU
		{A0E5EC8C-03F5-4415-93FE-2B78FE125F8D}.Debug|Any CPU.ActiveCfg = Debug|Any CPU
		{A0E5EC8C-03F5-4415-93FE-2B78FE125F8D}.Debug|Any CPU.Build.0 = Debug|Any CPU
		{A0E5EC8C-03F5-4415-93FE-2B78FE125F8D}.Release|Any CPU.ActiveCfg = Release|Any CPU
		{A0E5EC8C-03F5-4415-93FE-2B78FE125F8D}.Release|Any CPU.Build.0 = Release|Any CPU
		{1FB3A713-AF32-498B-98A6-ED77CA665E15}.Debug|Any CPU.ActiveCfg = Debug|Any CPU
		{1FB3A713-AF32-498B-98A6-ED77CA665E15}.Debug|Any CPU.Build.0 = Debug|Any CPU
		{1FB3A713-AF32-498B-98A6-ED77CA665E15}.Release|Any CPU.ActiveCfg = Release|Any CPU
		{1FB3A713-AF32-498B-98A6-ED77CA665E15}.Release|Any CPU.Build.0 = Release|Any CPU
		{5834AE97-2653-4D64-9D9C-4C888044034A}.Debug|Any CPU.ActiveCfg = Debug|Any CPU
		{5834AE97-2653-4D64-9D9C-4C888044034A}.Debug|Any CPU.Build.0 = Debug|Any CPU
		{5834AE97-2653-4D64-9D9C-4C888044034A}.Release|Any CPU.ActiveCfg = Release|Any CPU
		{5834AE97-2653-4D64-9D9C-4C888044034A}.Release|Any CPU.Build.0 = Release|Any CPU
		{CD3F8BBC-942C-476C-998C-0A1A0F947417}.Debug|Any CPU.ActiveCfg = Debug|Any CPU
		{CD3F8BBC-942C-476C-998C-0A1A0F947417}.Debug|Any CPU.Build.0 = Debug|Any CPU
		{CD3F8BBC-942C-476C-998C-0A1A0F947417}.Release|Any CPU.ActiveCfg = Release|Any CPU
		{CD3F8BBC-942C-476C-998C-0A1A0F947417}.Release|Any CPU.Build.0 = Release|Any CPU
		{0F9AD81A-7930-4D05-9CE4-A65CB31A7F16}.Debug|Any CPU.ActiveCfg = Debug|Any CPU
		{0F9AD81A-7930-4D05-9CE4-A65CB31A7F16}.Debug|Any CPU.Build.0 = Debug|Any CPU
		{0F9AD81A-7930-4D05-9CE4-A65CB31A7F16}.Release|Any CPU.ActiveCfg = Release|Any CPU
		{0F9AD81A-7930-4D05-9CE4-A65CB31A7F16}.Release|Any CPU.Build.0 = Release|Any CPU
		{56DF3921-451E-492E-ABC8-CDFA03A48CE3}.Debug|Any CPU.ActiveCfg = Debug|Any CPU
		{56DF3921-451E-492E-ABC8-CDFA03A48CE3}.Debug|Any CPU.Build.0 = Debug|Any CPU
		{56DF3921-451E-492E-ABC8-CDFA03A48CE3}.Release|Any CPU.ActiveCfg = Release|Any CPU
		{56DF3921-451E-492E-ABC8-CDFA03A48CE3}.Release|Any CPU.Build.0 = Release|Any CPU
		{BEE36958-7C13-4D71-8A26-96A68E1D6A7E}.Debug|Any CPU.ActiveCfg = Debug|Any CPU
		{BEE36958-7C13-4D71-8A26-96A68E1D6A7E}.Debug|Any CPU.Build.0 = Debug|Any CPU
		{BEE36958-7C13-4D71-8A26-96A68E1D6A7E}.Release|Any CPU.ActiveCfg = Release|Any CPU
		{BEE36958-7C13-4D71-8A26-96A68E1D6A7E}.Release|Any CPU.Build.0 = Release|Any CPU
		{EE0A1B03-273C-498C-85B0-9AF226646540}.Debug|Any CPU.ActiveCfg = Debug|Any CPU
		{EE0A1B03-273C-498C-85B0-9AF226646540}.Debug|Any CPU.Build.0 = Debug|Any CPU
		{EE0A1B03-273C-498C-85B0-9AF226646540}.Release|Any CPU.ActiveCfg = Release|Any CPU
		{EE0A1B03-273C-498C-85B0-9AF226646540}.Release|Any CPU.Build.0 = Release|Any CPU
		{D6073725-9FA7-420E-B111-7051CA2184F0}.Debug|Any CPU.ActiveCfg = Debug|Any CPU
		{D6073725-9FA7-420E-B111-7051CA2184F0}.Debug|Any CPU.Build.0 = Debug|Any CPU
		{D6073725-9FA7-420E-B111-7051CA2184F0}.Release|Any CPU.ActiveCfg = Release|Any CPU
		{D6073725-9FA7-420E-B111-7051CA2184F0}.Release|Any CPU.Build.0 = Release|Any CPU
		{94EEBDA2-3A21-4F42-93F4-C9D646DA1A09}.Debug|Any CPU.ActiveCfg = Debug|Any CPU
		{94EEBDA2-3A21-4F42-93F4-C9D646DA1A09}.Debug|Any CPU.Build.0 = Debug|Any CPU
		{94EEBDA2-3A21-4F42-93F4-C9D646DA1A09}.Release|Any CPU.ActiveCfg = Release|Any CPU
		{94EEBDA2-3A21-4F42-93F4-C9D646DA1A09}.Release|Any CPU.Build.0 = Release|Any CPU
		{3AB62AFC-5E10-42CD-BC88-D31BBAEC20E5}.Debug|Any CPU.ActiveCfg = Debug|Any CPU
		{3AB62AFC-5E10-42CD-BC88-D31BBAEC20E5}.Debug|Any CPU.Build.0 = Debug|Any CPU
		{3AB62AFC-5E10-42CD-BC88-D31BBAEC20E5}.Release|Any CPU.ActiveCfg = Release|Any CPU
		{3AB62AFC-5E10-42CD-BC88-D31BBAEC20E5}.Release|Any CPU.Build.0 = Release|Any CPU
		{867DF907-8584-42A3-845A-403C826870E6}.Debug|Any CPU.ActiveCfg = Debug|Any CPU
		{867DF907-8584-42A3-845A-403C826870E6}.Debug|Any CPU.Build.0 = Debug|Any CPU
		{867DF907-8584-42A3-845A-403C826870E6}.Release|Any CPU.ActiveCfg = Release|Any CPU
		{867DF907-8584-42A3-845A-403C826870E6}.Release|Any CPU.Build.0 = Release|Any CPU
		{B7A4BCA6-3DCC-4730-82E9-5D7E85582E5E}.Debug|Any CPU.ActiveCfg = Debug|Any CPU
		{B7A4BCA6-3DCC-4730-82E9-5D7E85582E5E}.Debug|Any CPU.Build.0 = Debug|Any CPU
		{B7A4BCA6-3DCC-4730-82E9-5D7E85582E5E}.Release|Any CPU.ActiveCfg = Release|Any CPU
		{B7A4BCA6-3DCC-4730-82E9-5D7E85582E5E}.Release|Any CPU.Build.0 = Release|Any CPU
		{B39B3AA3-B32A-4C8E-B695-11C69826D6F2}.Debug|Any CPU.ActiveCfg = Debug|Any CPU
		{B39B3AA3-B32A-4C8E-B695-11C69826D6F2}.Debug|Any CPU.Build.0 = Debug|Any CPU
		{B39B3AA3-B32A-4C8E-B695-11C69826D6F2}.Release|Any CPU.ActiveCfg = Release|Any CPU
		{B39B3AA3-B32A-4C8E-B695-11C69826D6F2}.Release|Any CPU.Build.0 = Release|Any CPU
		{A85503B5-3A0E-42C4-BFC3-990FD96A6393}.Debug|Any CPU.ActiveCfg = Debug|Any CPU
		{A85503B5-3A0E-42C4-BFC3-990FD96A6393}.Debug|Any CPU.Build.0 = Debug|Any CPU
		{A85503B5-3A0E-42C4-BFC3-990FD96A6393}.Release|Any CPU.ActiveCfg = Release|Any CPU
		{A85503B5-3A0E-42C4-BFC3-990FD96A6393}.Release|Any CPU.Build.0 = Release|Any CPU
	EndGlobalSection
	GlobalSection(SolutionProperties) = preSolution
		HideSolutionNode = FALSE
	EndGlobalSection
EndGlobal
