
Microsoft Visual Studio Solution File, Format Version 12.00
# Visual Studio 15
VisualStudioVersion = 15.0.26403.3
MinimumVisualStudioVersion = 10.0.40219.1
Project("{FAE04EC0-301F-11D3-BF4B-00C04F79EFBC}") = "01.FourFactors", "01.FourFactors\01.FourFactors.csproj", "{AF112576-14BE-4484-A193-44619171F2EC}"
EndProject
Project("{FAE04EC0-301F-11D3-BF4B-00C04F79EFBC}") = "03drawBottle", "02.DetectiveBoev\03drawBottle.csproj", "{F935B589-A95D-4E9F-BC36-F72DCE04800F}"
EndProject
Project("{FAE04EC0-301F-11D3-BF4B-00C04F79EFBC}") = "03", "03\03.csproj", "{B21E5827-B172-4621-B5E1-FC540FC14FF7}"
EndProject
Global
	GlobalSection(SolutionConfigurationPlatforms) = preSolution
		Debug|Any CPU = Debug|Any CPU
		Release|Any CPU = Release|Any CPU
	EndGlobalSection
	GlobalSection(ProjectConfigurationPlatforms) = postSolution
		{AF112576-14BE-4484-A193-44619171F2EC}.Debug|Any CPU.ActiveCfg = Debug|Any CPU
		{AF112576-14BE-4484-A193-44619171F2EC}.Debug|Any CPU.Build.0 = Debug|Any CPU
		{AF112576-14BE-4484-A193-44619171F2EC}.Release|Any CPU.ActiveCfg = Release|Any CPU
		{AF112576-14BE-4484-A193-44619171F2EC}.Release|Any CPU.Build.0 = Release|Any CPU
		{F935B589-A95D-4E9F-BC36-F72DCE04800F}.Debug|Any CPU.ActiveCfg = Debug|Any CPU
		{F935B589-A95D-4E9F-BC36-F72DCE04800F}.Debug|Any CPU.Build.0 = Debug|Any CPU
		{F935B589-A95D-4E9F-BC36-F72DCE04800F}.Release|Any CPU.ActiveCfg = Release|Any CPU
		{F935B589-A95D-4E9F-BC36-F72DCE04800F}.Release|Any CPU.Build.0 = Release|Any CPU
		{B21E5827-B172-4621-B5E1-FC540FC14FF7}.Debug|Any CPU.ActiveCfg = Debug|Any CPU
		{B21E5827-B172-4621-B5E1-FC540FC14FF7}.Debug|Any CPU.Build.0 = Debug|Any CPU
		{B21E5827-B172-4621-B5E1-FC540FC14FF7}.Release|Any CPU.ActiveCfg = Release|Any CPU
		{B21E5827-B172-4621-B5E1-FC540FC14FF7}.Release|Any CPU.Build.0 = Release|Any CPU
	EndGlobalSection
	GlobalSection(SolutionProperties) = preSolution
		HideSolutionNode = FALSE
	EndGlobalSection
EndGlobal
