
Microsoft Visual Studio Solution File, Format Version 12.00
# Visual Studio 15
VisualStudioVersion = 15.0.26403.3
MinimumVisualStudioVersion = 10.0.40219.1
Project("{FAE04EC0-301F-11D3-BF4B-00C04F79EFBC}") = "01.DogHouse", "01.DogHouse\01.DogHouse.csproj", "{5E267E22-6F1F-4667-843F-6E7714EEE88F}"
EndProject
Project("{FAE04EC0-301F-11D3-BF4B-00C04F79EFBC}") = "02.WorkHours", "02.WorkHours\02.WorkHours.csproj", "{0C8AB83A-0B28-449A-9721-3526A4F3DE85}"
EndProject
Project("{FAE04EC0-301F-11D3-BF4B-00C04F79EFBC}") = "03.CarToGo", "03.CarToGo\03.CarToGo.csproj", "{AA0EB31F-7255-4112-B5B4-002CE5490573}"
EndProject
Project("{FAE04EC0-301F-11D3-BF4B-00C04F79EFBC}") = "05.SoftUni Logo", "05.SoftUni Logo\05.SoftUni Logo.csproj", "{B836D535-1332-487C-A8B2-0F0A23E05215}"
EndProject
Project("{FAE04EC0-301F-11D3-BF4B-00C04F79EFBC}") = "06.SumOfTwoNumbers", "06.SumOfTwoNumbers\06.SumOfTwoNumbers.csproj", "{E9053841-6ED9-4A09-AEE1-18F331932DFF}"
EndProject
Project("{FAE04EC0-301F-11D3-BF4B-00C04F79EFBC}") = "04.GameOfInterval", "04.GameOfIntervalNOTMYDESSIZION\04.GameOfInterval.csproj", "{81732005-2FC0-4ED0-BD2F-BBFBF55AD64E}"
EndProject
Global
	GlobalSection(SolutionConfigurationPlatforms) = preSolution
		Debug|Any CPU = Debug|Any CPU
		Release|Any CPU = Release|Any CPU
	EndGlobalSection
	GlobalSection(ProjectConfigurationPlatforms) = postSolution
		{5E267E22-6F1F-4667-843F-6E7714EEE88F}.Debug|Any CPU.ActiveCfg = Debug|Any CPU
		{5E267E22-6F1F-4667-843F-6E7714EEE88F}.Debug|Any CPU.Build.0 = Debug|Any CPU
		{5E267E22-6F1F-4667-843F-6E7714EEE88F}.Release|Any CPU.ActiveCfg = Release|Any CPU
		{5E267E22-6F1F-4667-843F-6E7714EEE88F}.Release|Any CPU.Build.0 = Release|Any CPU
		{0C8AB83A-0B28-449A-9721-3526A4F3DE85}.Debug|Any CPU.ActiveCfg = Debug|Any CPU
		{0C8AB83A-0B28-449A-9721-3526A4F3DE85}.Debug|Any CPU.Build.0 = Debug|Any CPU
		{0C8AB83A-0B28-449A-9721-3526A4F3DE85}.Release|Any CPU.ActiveCfg = Release|Any CPU
		{0C8AB83A-0B28-449A-9721-3526A4F3DE85}.Release|Any CPU.Build.0 = Release|Any CPU
		{AA0EB31F-7255-4112-B5B4-002CE5490573}.Debug|Any CPU.ActiveCfg = Debug|Any CPU
		{AA0EB31F-7255-4112-B5B4-002CE5490573}.Debug|Any CPU.Build.0 = Debug|Any CPU
		{AA0EB31F-7255-4112-B5B4-002CE5490573}.Release|Any CPU.ActiveCfg = Release|Any CPU
		{AA0EB31F-7255-4112-B5B4-002CE5490573}.Release|Any CPU.Build.0 = Release|Any CPU
		{B836D535-1332-487C-A8B2-0F0A23E05215}.Debug|Any CPU.ActiveCfg = Debug|Any CPU
		{B836D535-1332-487C-A8B2-0F0A23E05215}.Debug|Any CPU.Build.0 = Debug|Any CPU
		{B836D535-1332-487C-A8B2-0F0A23E05215}.Release|Any CPU.ActiveCfg = Release|Any CPU
		{B836D535-1332-487C-A8B2-0F0A23E05215}.Release|Any CPU.Build.0 = Release|Any CPU
		{E9053841-6ED9-4A09-AEE1-18F331932DFF}.Debug|Any CPU.ActiveCfg = Debug|Any CPU
		{E9053841-6ED9-4A09-AEE1-18F331932DFF}.Debug|Any CPU.Build.0 = Debug|Any CPU
		{E9053841-6ED9-4A09-AEE1-18F331932DFF}.Release|Any CPU.ActiveCfg = Release|Any CPU
		{E9053841-6ED9-4A09-AEE1-18F331932DFF}.Release|Any CPU.Build.0 = Release|Any CPU
		{81732005-2FC0-4ED0-BD2F-BBFBF55AD64E}.Debug|Any CPU.ActiveCfg = Debug|Any CPU
		{81732005-2FC0-4ED0-BD2F-BBFBF55AD64E}.Debug|Any CPU.Build.0 = Debug|Any CPU
		{81732005-2FC0-4ED0-BD2F-BBFBF55AD64E}.Release|Any CPU.ActiveCfg = Release|Any CPU
		{81732005-2FC0-4ED0-BD2F-BBFBF55AD64E}.Release|Any CPU.Build.0 = Release|Any CPU
	EndGlobalSection
	GlobalSection(SolutionProperties) = preSolution
		HideSolutionNode = FALSE
	EndGlobalSection
EndGlobal
