
Microsoft Visual Studio Solution File, Format Version 12.00
# Visual Studio 15
VisualStudioVersion = 15.0.26403.3
MinimumVisualStudioVersion = 10.0.40219.1
Project("{FAE04EC0-301F-11D3-BF4B-00C04F79EFBC}") = "01", "01\01.csproj", "{0155F844-A6AC-47E1-85E3-7C220825183F}"
EndProject
Project("{FAE04EC0-301F-11D3-BF4B-00C04F79EFBC}") = "02", "02\02.csproj", "{44B8C36F-EA4F-4810-9477-C376EEFB8F30}"
EndProject
Project("{FAE04EC0-301F-11D3-BF4B-00C04F79EFBC}") = "03", "03\03.csproj", "{95EF92EA-0F4C-421A-B86F-F055E48DE636}"
EndProject
Project("{FAE04EC0-301F-11D3-BF4B-00C04F79EFBC}") = "04", "04\04.csproj", "{31B3054B-AAE7-4A8A-AE12-D99E05240CE0}"
EndProject
Project("{FAE04EC0-301F-11D3-BF4B-00C04F79EFBC}") = "05", "05\05.csproj", "{34916615-8697-4E79-A291-63296E7F4E20}"
EndProject
Project("{FAE04EC0-301F-11D3-BF4B-00C04F79EFBC}") = "06", "06\06.csproj", "{153F7174-996D-44CF-810A-9471606F4A58}"
EndProject
Project("{FAE04EC0-301F-11D3-BF4B-00C04F79EFBC}") = "Diamond", "Diamond\Diamond.csproj", "{4620253B-3550-49E9-8E28-636323D059C0}"
EndProject
Global
	GlobalSection(SolutionConfigurationPlatforms) = preSolution
		Debug|Any CPU = Debug|Any CPU
		Release|Any CPU = Release|Any CPU
	EndGlobalSection
	GlobalSection(ProjectConfigurationPlatforms) = postSolution
		{0155F844-A6AC-47E1-85E3-7C220825183F}.Debug|Any CPU.ActiveCfg = Debug|Any CPU
		{0155F844-A6AC-47E1-85E3-7C220825183F}.Debug|Any CPU.Build.0 = Debug|Any CPU
		{0155F844-A6AC-47E1-85E3-7C220825183F}.Release|Any CPU.ActiveCfg = Release|Any CPU
		{0155F844-A6AC-47E1-85E3-7C220825183F}.Release|Any CPU.Build.0 = Release|Any CPU
		{44B8C36F-EA4F-4810-9477-C376EEFB8F30}.Debug|Any CPU.ActiveCfg = Debug|Any CPU
		{44B8C36F-EA4F-4810-9477-C376EEFB8F30}.Debug|Any CPU.Build.0 = Debug|Any CPU
		{44B8C36F-EA4F-4810-9477-C376EEFB8F30}.Release|Any CPU.ActiveCfg = Release|Any CPU
		{44B8C36F-EA4F-4810-9477-C376EEFB8F30}.Release|Any CPU.Build.0 = Release|Any CPU
		{95EF92EA-0F4C-421A-B86F-F055E48DE636}.Debug|Any CPU.ActiveCfg = Debug|Any CPU
		{95EF92EA-0F4C-421A-B86F-F055E48DE636}.Debug|Any CPU.Build.0 = Debug|Any CPU
		{95EF92EA-0F4C-421A-B86F-F055E48DE636}.Release|Any CPU.ActiveCfg = Release|Any CPU
		{95EF92EA-0F4C-421A-B86F-F055E48DE636}.Release|Any CPU.Build.0 = Release|Any CPU
		{31B3054B-AAE7-4A8A-AE12-D99E05240CE0}.Debug|Any CPU.ActiveCfg = Debug|Any CPU
		{31B3054B-AAE7-4A8A-AE12-D99E05240CE0}.Debug|Any CPU.Build.0 = Debug|Any CPU
		{31B3054B-AAE7-4A8A-AE12-D99E05240CE0}.Release|Any CPU.ActiveCfg = Release|Any CPU
		{31B3054B-AAE7-4A8A-AE12-D99E05240CE0}.Release|Any CPU.Build.0 = Release|Any CPU
		{34916615-8697-4E79-A291-63296E7F4E20}.Debug|Any CPU.ActiveCfg = Debug|Any CPU
		{34916615-8697-4E79-A291-63296E7F4E20}.Debug|Any CPU.Build.0 = Debug|Any CPU
		{34916615-8697-4E79-A291-63296E7F4E20}.Release|Any CPU.ActiveCfg = Release|Any CPU
		{34916615-8697-4E79-A291-63296E7F4E20}.Release|Any CPU.Build.0 = Release|Any CPU
		{153F7174-996D-44CF-810A-9471606F4A58}.Debug|Any CPU.ActiveCfg = Debug|Any CPU
		{153F7174-996D-44CF-810A-9471606F4A58}.Debug|Any CPU.Build.0 = Debug|Any CPU
		{153F7174-996D-44CF-810A-9471606F4A58}.Release|Any CPU.ActiveCfg = Release|Any CPU
		{153F7174-996D-44CF-810A-9471606F4A58}.Release|Any CPU.Build.0 = Release|Any CPU
		{4620253B-3550-49E9-8E28-636323D059C0}.Debug|Any CPU.ActiveCfg = Debug|Any CPU
		{4620253B-3550-49E9-8E28-636323D059C0}.Debug|Any CPU.Build.0 = Debug|Any CPU
		{4620253B-3550-49E9-8E28-636323D059C0}.Release|Any CPU.ActiveCfg = Release|Any CPU
		{4620253B-3550-49E9-8E28-636323D059C0}.Release|Any CPU.Build.0 = Release|Any CPU
	EndGlobalSection
	GlobalSection(SolutionProperties) = preSolution
		HideSolutionNode = FALSE
	EndGlobalSection
EndGlobal
