
Microsoft Visual Studio Solution File, Format Version 12.00
# Visual Studio 15
VisualStudioVersion = 15.0.26403.3
MinimumVisualStudioVersion = 10.0.40219.1
Project("{FAE04EC0-301F-11D3-BF4B-00C04F79EFBC}") = "01", "01\01.csproj", "{DEED9628-F86F-4A11-A1D2-61E6B4A453C3}"
EndProject
Project("{FAE04EC0-301F-11D3-BF4B-00C04F79EFBC}") = "02", "02\02.csproj", "{0EDD0420-C401-48CB-B81F-16CED01E5785}"
EndProject
Project("{FAE04EC0-301F-11D3-BF4B-00C04F79EFBC}") = "03", "03\03.csproj", "{999D7E01-4E48-46B6-A366-028A4535EAB9}"
EndProject
Project("{FAE04EC0-301F-11D3-BF4B-00C04F79EFBC}") = "04", "04\04.csproj", "{BC45C5D6-C4B0-422C-AB8F-4049D9BBA15A}"
EndProject
Project("{FAE04EC0-301F-11D3-BF4B-00C04F79EFBC}") = "05", "05\05.csproj", "{DC38BCB0-0A15-41DB-B3C6-9A2B7670EC58}"
EndProject
Project("{FAE04EC0-301F-11D3-BF4B-00C04F79EFBC}") = "06", "06\06.csproj", "{CA093D1D-A617-4F73-A481-2D617C8292F8}"
EndProject
Project("{FAE04EC0-301F-11D3-BF4B-00C04F79EFBC}") = "07", "07\07.csproj", "{14D4714C-BD83-4396-B6A2-F86B7A277C77}"
EndProject
Project("{FAE04EC0-301F-11D3-BF4B-00C04F79EFBC}") = "08", "08\08.csproj", "{665DF025-DB9D-4DBC-BC2C-4549734DBA0A}"
EndProject
Project("{FAE04EC0-301F-11D3-BF4B-00C04F79EFBC}") = "09", "09\09.csproj", "{C836415A-CEB4-4BB6-BDED-002D8C2707AA}"
EndProject
Project("{FAE04EC0-301F-11D3-BF4B-00C04F79EFBC}") = "10", "10\10.csproj", "{C785BB9C-7D56-48AF-9E52-EEBEBAB4F1B7}"
EndProject
Project("{FAE04EC0-301F-11D3-BF4B-00C04F79EFBC}") = "11", "11\11.csproj", "{F20A46C1-1723-443D-B108-C603E94FA040}"
EndProject
Project("{FAE04EC0-301F-11D3-BF4B-00C04F79EFBC}") = "12", "12\12.csproj", "{59FE7A76-C992-4975-90A5-D31CC4D23F20}"
EndProject
Project("{FAE04EC0-301F-11D3-BF4B-00C04F79EFBC}") = "13", "13\13.csproj", "{F1252F69-D146-465A-91B2-EFA534167A96}"
EndProject
Project("{FAE04EC0-301F-11D3-BF4B-00C04F79EFBC}") = "14", "14\14.csproj", "{F5902F53-85EA-439D-8132-446A23D062D6}"
EndProject
Project("{FAE04EC0-301F-11D3-BF4B-00C04F79EFBC}") = "15", "15\15.csproj", "{221EC36A-80A4-4DC9-983D-612B7593D621}"
EndProject
Project("{FAE04EC0-301F-11D3-BF4B-00C04F79EFBC}") = "16", "16\16.csproj", "{9757C2AA-5AA3-47E0-92EC-DCF5B5D17A59}"
EndProject
Project("{FAE04EC0-301F-11D3-BF4B-00C04F79EFBC}") = "17", "17\17.csproj", "{39218E32-366E-4E7F-81A3-C2E17337E259}"
EndProject
Project("{FAE04EC0-301F-11D3-BF4B-00C04F79EFBC}") = "18", "18\18.csproj", "{B9E45FA1-599B-4F93-A981-0DE26FC73E6E}"
EndProject
Project("{FAE04EC0-301F-11D3-BF4B-00C04F79EFBC}") = "19", "19\19.csproj", "{E86267E7-9134-41CB-8E03-3210F998CDC2}"
EndProject
Project("{FAE04EC0-301F-11D3-BF4B-00C04F79EFBC}") = "20", "20\20.csproj", "{A34B6AEB-0E25-4FF5-93B7-A234C1A0B8F4}"
EndProject
Project("{FAE04EC0-301F-11D3-BF4B-00C04F79EFBC}") = "21", "21\21.csproj", "{25DF14C3-9611-4257-A05E-40A6CECF2402}"
EndProject
Project("{FAE04EC0-301F-11D3-BF4B-00C04F79EFBC}") = "23", "23\23.csproj", "{69E1A38C-A7B2-49B9-A8E5-3652C366ACD3}"
EndProject
Project("{FAE04EC0-301F-11D3-BF4B-00C04F79EFBC}") = "22", "22\22.csproj", "{551E49D9-2499-4061-8BF0-3ABDA13AF3B0}"
EndProject
Project("{FAE04EC0-301F-11D3-BF4B-00C04F79EFBC}") = "24", "24\24.csproj", "{CB269B10-E95E-4794-B830-33C771992D8E}"
EndProject
Project("{FAE04EC0-301F-11D3-BF4B-00C04F79EFBC}") = "25", "25\25.csproj", "{4920462B-DC00-4D15-8EC9-89BB281E6168}"
EndProject
Global
	GlobalSection(SolutionConfigurationPlatforms) = preSolution
		Debug|Any CPU = Debug|Any CPU
		Release|Any CPU = Release|Any CPU
	EndGlobalSection
	GlobalSection(ProjectConfigurationPlatforms) = postSolution
		{DEED9628-F86F-4A11-A1D2-61E6B4A453C3}.Debug|Any CPU.ActiveCfg = Debug|Any CPU
		{DEED9628-F86F-4A11-A1D2-61E6B4A453C3}.Debug|Any CPU.Build.0 = Debug|Any CPU
		{DEED9628-F86F-4A11-A1D2-61E6B4A453C3}.Release|Any CPU.ActiveCfg = Release|Any CPU
		{DEED9628-F86F-4A11-A1D2-61E6B4A453C3}.Release|Any CPU.Build.0 = Release|Any CPU
		{0EDD0420-C401-48CB-B81F-16CED01E5785}.Debug|Any CPU.ActiveCfg = Debug|Any CPU
		{0EDD0420-C401-48CB-B81F-16CED01E5785}.Debug|Any CPU.Build.0 = Debug|Any CPU
		{0EDD0420-C401-48CB-B81F-16CED01E5785}.Release|Any CPU.ActiveCfg = Release|Any CPU
		{0EDD0420-C401-48CB-B81F-16CED01E5785}.Release|Any CPU.Build.0 = Release|Any CPU
		{999D7E01-4E48-46B6-A366-028A4535EAB9}.Debug|Any CPU.ActiveCfg = Debug|Any CPU
		{999D7E01-4E48-46B6-A366-028A4535EAB9}.Debug|Any CPU.Build.0 = Debug|Any CPU
		{999D7E01-4E48-46B6-A366-028A4535EAB9}.Release|Any CPU.ActiveCfg = Release|Any CPU
		{999D7E01-4E48-46B6-A366-028A4535EAB9}.Release|Any CPU.Build.0 = Release|Any CPU
		{BC45C5D6-C4B0-422C-AB8F-4049D9BBA15A}.Debug|Any CPU.ActiveCfg = Debug|Any CPU
		{BC45C5D6-C4B0-422C-AB8F-4049D9BBA15A}.Debug|Any CPU.Build.0 = Debug|Any CPU
		{BC45C5D6-C4B0-422C-AB8F-4049D9BBA15A}.Release|Any CPU.ActiveCfg = Release|Any CPU
		{BC45C5D6-C4B0-422C-AB8F-4049D9BBA15A}.Release|Any CPU.Build.0 = Release|Any CPU
		{DC38BCB0-0A15-41DB-B3C6-9A2B7670EC58}.Debug|Any CPU.ActiveCfg = Debug|Any CPU
		{DC38BCB0-0A15-41DB-B3C6-9A2B7670EC58}.Debug|Any CPU.Build.0 = Debug|Any CPU
		{DC38BCB0-0A15-41DB-B3C6-9A2B7670EC58}.Release|Any CPU.ActiveCfg = Release|Any CPU
		{DC38BCB0-0A15-41DB-B3C6-9A2B7670EC58}.Release|Any CPU.Build.0 = Release|Any CPU
		{CA093D1D-A617-4F73-A481-2D617C8292F8}.Debug|Any CPU.ActiveCfg = Debug|Any CPU
		{CA093D1D-A617-4F73-A481-2D617C8292F8}.Debug|Any CPU.Build.0 = Debug|Any CPU
		{CA093D1D-A617-4F73-A481-2D617C8292F8}.Release|Any CPU.ActiveCfg = Release|Any CPU
		{CA093D1D-A617-4F73-A481-2D617C8292F8}.Release|Any CPU.Build.0 = Release|Any CPU
		{14D4714C-BD83-4396-B6A2-F86B7A277C77}.Debug|Any CPU.ActiveCfg = Debug|Any CPU
		{14D4714C-BD83-4396-B6A2-F86B7A277C77}.Debug|Any CPU.Build.0 = Debug|Any CPU
		{14D4714C-BD83-4396-B6A2-F86B7A277C77}.Release|Any CPU.ActiveCfg = Release|Any CPU
		{14D4714C-BD83-4396-B6A2-F86B7A277C77}.Release|Any CPU.Build.0 = Release|Any CPU
		{665DF025-DB9D-4DBC-BC2C-4549734DBA0A}.Debug|Any CPU.ActiveCfg = Debug|Any CPU
		{665DF025-DB9D-4DBC-BC2C-4549734DBA0A}.Debug|Any CPU.Build.0 = Debug|Any CPU
		{665DF025-DB9D-4DBC-BC2C-4549734DBA0A}.Release|Any CPU.ActiveCfg = Release|Any CPU
		{665DF025-DB9D-4DBC-BC2C-4549734DBA0A}.Release|Any CPU.Build.0 = Release|Any CPU
		{C836415A-CEB4-4BB6-BDED-002D8C2707AA}.Debug|Any CPU.ActiveCfg = Debug|Any CPU
		{C836415A-CEB4-4BB6-BDED-002D8C2707AA}.Debug|Any CPU.Build.0 = Debug|Any CPU
		{C836415A-CEB4-4BB6-BDED-002D8C2707AA}.Release|Any CPU.ActiveCfg = Release|Any CPU
		{C836415A-CEB4-4BB6-BDED-002D8C2707AA}.Release|Any CPU.Build.0 = Release|Any CPU
		{C785BB9C-7D56-48AF-9E52-EEBEBAB4F1B7}.Debug|Any CPU.ActiveCfg = Debug|Any CPU
		{C785BB9C-7D56-48AF-9E52-EEBEBAB4F1B7}.Debug|Any CPU.Build.0 = Debug|Any CPU
		{C785BB9C-7D56-48AF-9E52-EEBEBAB4F1B7}.Release|Any CPU.ActiveCfg = Release|Any CPU
		{C785BB9C-7D56-48AF-9E52-EEBEBAB4F1B7}.Release|Any CPU.Build.0 = Release|Any CPU
		{F20A46C1-1723-443D-B108-C603E94FA040}.Debug|Any CPU.ActiveCfg = Debug|Any CPU
		{F20A46C1-1723-443D-B108-C603E94FA040}.Debug|Any CPU.Build.0 = Debug|Any CPU
		{F20A46C1-1723-443D-B108-C603E94FA040}.Release|Any CPU.ActiveCfg = Release|Any CPU
		{F20A46C1-1723-443D-B108-C603E94FA040}.Release|Any CPU.Build.0 = Release|Any CPU
		{59FE7A76-C992-4975-90A5-D31CC4D23F20}.Debug|Any CPU.ActiveCfg = Debug|Any CPU
		{59FE7A76-C992-4975-90A5-D31CC4D23F20}.Debug|Any CPU.Build.0 = Debug|Any CPU
		{59FE7A76-C992-4975-90A5-D31CC4D23F20}.Release|Any CPU.ActiveCfg = Release|Any CPU
		{59FE7A76-C992-4975-90A5-D31CC4D23F20}.Release|Any CPU.Build.0 = Release|Any CPU
		{F1252F69-D146-465A-91B2-EFA534167A96}.Debug|Any CPU.ActiveCfg = Debug|Any CPU
		{F1252F69-D146-465A-91B2-EFA534167A96}.Debug|Any CPU.Build.0 = Debug|Any CPU
		{F1252F69-D146-465A-91B2-EFA534167A96}.Release|Any CPU.ActiveCfg = Release|Any CPU
		{F1252F69-D146-465A-91B2-EFA534167A96}.Release|Any CPU.Build.0 = Release|Any CPU
		{F5902F53-85EA-439D-8132-446A23D062D6}.Debug|Any CPU.ActiveCfg = Debug|Any CPU
		{F5902F53-85EA-439D-8132-446A23D062D6}.Debug|Any CPU.Build.0 = Debug|Any CPU
		{F5902F53-85EA-439D-8132-446A23D062D6}.Release|Any CPU.ActiveCfg = Release|Any CPU
		{F5902F53-85EA-439D-8132-446A23D062D6}.Release|Any CPU.Build.0 = Release|Any CPU
		{221EC36A-80A4-4DC9-983D-612B7593D621}.Debug|Any CPU.ActiveCfg = Debug|Any CPU
		{221EC36A-80A4-4DC9-983D-612B7593D621}.Debug|Any CPU.Build.0 = Debug|Any CPU
		{221EC36A-80A4-4DC9-983D-612B7593D621}.Release|Any CPU.ActiveCfg = Release|Any CPU
		{221EC36A-80A4-4DC9-983D-612B7593D621}.Release|Any CPU.Build.0 = Release|Any CPU
		{9757C2AA-5AA3-47E0-92EC-DCF5B5D17A59}.Debug|Any CPU.ActiveCfg = Debug|Any CPU
		{9757C2AA-5AA3-47E0-92EC-DCF5B5D17A59}.Debug|Any CPU.Build.0 = Debug|Any CPU
		{9757C2AA-5AA3-47E0-92EC-DCF5B5D17A59}.Release|Any CPU.ActiveCfg = Release|Any CPU
		{9757C2AA-5AA3-47E0-92EC-DCF5B5D17A59}.Release|Any CPU.Build.0 = Release|Any CPU
		{39218E32-366E-4E7F-81A3-C2E17337E259}.Debug|Any CPU.ActiveCfg = Debug|Any CPU
		{39218E32-366E-4E7F-81A3-C2E17337E259}.Debug|Any CPU.Build.0 = Debug|Any CPU
		{39218E32-366E-4E7F-81A3-C2E17337E259}.Release|Any CPU.ActiveCfg = Release|Any CPU
		{39218E32-366E-4E7F-81A3-C2E17337E259}.Release|Any CPU.Build.0 = Release|Any CPU
		{B9E45FA1-599B-4F93-A981-0DE26FC73E6E}.Debug|Any CPU.ActiveCfg = Debug|Any CPU
		{B9E45FA1-599B-4F93-A981-0DE26FC73E6E}.Debug|Any CPU.Build.0 = Debug|Any CPU
		{B9E45FA1-599B-4F93-A981-0DE26FC73E6E}.Release|Any CPU.ActiveCfg = Release|Any CPU
		{B9E45FA1-599B-4F93-A981-0DE26FC73E6E}.Release|Any CPU.Build.0 = Release|Any CPU
		{E86267E7-9134-41CB-8E03-3210F998CDC2}.Debug|Any CPU.ActiveCfg = Debug|Any CPU
		{E86267E7-9134-41CB-8E03-3210F998CDC2}.Debug|Any CPU.Build.0 = Debug|Any CPU
		{E86267E7-9134-41CB-8E03-3210F998CDC2}.Release|Any CPU.ActiveCfg = Release|Any CPU
		{E86267E7-9134-41CB-8E03-3210F998CDC2}.Release|Any CPU.Build.0 = Release|Any CPU
		{A34B6AEB-0E25-4FF5-93B7-A234C1A0B8F4}.Debug|Any CPU.ActiveCfg = Debug|Any CPU
		{A34B6AEB-0E25-4FF5-93B7-A234C1A0B8F4}.Debug|Any CPU.Build.0 = Debug|Any CPU
		{A34B6AEB-0E25-4FF5-93B7-A234C1A0B8F4}.Release|Any CPU.ActiveCfg = Release|Any CPU
		{A34B6AEB-0E25-4FF5-93B7-A234C1A0B8F4}.Release|Any CPU.Build.0 = Release|Any CPU
		{25DF14C3-9611-4257-A05E-40A6CECF2402}.Debug|Any CPU.ActiveCfg = Debug|Any CPU
		{25DF14C3-9611-4257-A05E-40A6CECF2402}.Debug|Any CPU.Build.0 = Debug|Any CPU
		{25DF14C3-9611-4257-A05E-40A6CECF2402}.Release|Any CPU.ActiveCfg = Release|Any CPU
		{25DF14C3-9611-4257-A05E-40A6CECF2402}.Release|Any CPU.Build.0 = Release|Any CPU
		{69E1A38C-A7B2-49B9-A8E5-3652C366ACD3}.Debug|Any CPU.ActiveCfg = Debug|Any CPU
		{69E1A38C-A7B2-49B9-A8E5-3652C366ACD3}.Debug|Any CPU.Build.0 = Debug|Any CPU
		{69E1A38C-A7B2-49B9-A8E5-3652C366ACD3}.Release|Any CPU.ActiveCfg = Release|Any CPU
		{69E1A38C-A7B2-49B9-A8E5-3652C366ACD3}.Release|Any CPU.Build.0 = Release|Any CPU
		{551E49D9-2499-4061-8BF0-3ABDA13AF3B0}.Debug|Any CPU.ActiveCfg = Debug|Any CPU
		{551E49D9-2499-4061-8BF0-3ABDA13AF3B0}.Debug|Any CPU.Build.0 = Debug|Any CPU
		{551E49D9-2499-4061-8BF0-3ABDA13AF3B0}.Release|Any CPU.ActiveCfg = Release|Any CPU
		{551E49D9-2499-4061-8BF0-3ABDA13AF3B0}.Release|Any CPU.Build.0 = Release|Any CPU
		{CB269B10-E95E-4794-B830-33C771992D8E}.Debug|Any CPU.ActiveCfg = Debug|Any CPU
		{CB269B10-E95E-4794-B830-33C771992D8E}.Debug|Any CPU.Build.0 = Debug|Any CPU
		{CB269B10-E95E-4794-B830-33C771992D8E}.Release|Any CPU.ActiveCfg = Release|Any CPU
		{CB269B10-E95E-4794-B830-33C771992D8E}.Release|Any CPU.Build.0 = Release|Any CPU
		{4920462B-DC00-4D15-8EC9-89BB281E6168}.Debug|Any CPU.ActiveCfg = Debug|Any CPU
		{4920462B-DC00-4D15-8EC9-89BB281E6168}.Debug|Any CPU.Build.0 = Debug|Any CPU
		{4920462B-DC00-4D15-8EC9-89BB281E6168}.Release|Any CPU.ActiveCfg = Release|Any CPU
		{4920462B-DC00-4D15-8EC9-89BB281E6168}.Release|Any CPU.Build.0 = Release|Any CPU
	EndGlobalSection
	GlobalSection(SolutionProperties) = preSolution
		HideSolutionNode = FALSE
	EndGlobalSection
EndGlobal
