
Microsoft Visual Studio Solution File, Format Version 12.00
# Visual Studio 15
VisualStudioVersion = 15.0.26403.3
MinimumVisualStudioVersion = 10.0.40219.1
Project("{FAE04EC0-301F-11D3-BF4B-00C04F79EFBC}") = "1.CallMethod", "1.CallMethod\1.CallMethod.csproj", "{B62F255D-DCD1-4872-B218-EC0672EA57AE}"
EndProject
Project("{FAE04EC0-301F-11D3-BF4B-00C04F79EFBC}") = "2.MethodParameter", "2.MethodParameter\2.MethodParameter.csproj", "{D0CD7006-946B-4834-A45A-C1650D6085A5}"
EndProject
Project("{FAE04EC0-301F-11D3-BF4B-00C04F79EFBC}") = "3.RefArray", "3.RefArray\3.RefArray.csproj", "{E7CF5415-5748-41D0-9EF8-847832C7DCA1}"
EndProject
Project("{FAE04EC0-301F-11D3-BF4B-00C04F79EFBC}") = "4.SayMonth", "4.SayMonth\4.SayMonth.csproj", "{13B99C1E-1528-4085-B698-E36BCAEB1003}"
EndProject
Project("{FAE04EC0-301F-11D3-BF4B-00C04F79EFBC}") = "5.PrintTriangle", "5.PrintTriangle\5.PrintTriangle.csproj", "{DD8B6589-1126-4175-B27D-9B686B17FF3B}"
EndProject
Project("{FAE04EC0-301F-11D3-BF4B-00C04F79EFBC}") = "6.DataValidation", "6.DataValidation\6.DataValidation.csproj", "{A5696CA4-54DA-4C8E-B38E-364D81225672}"
EndProject
Global
	GlobalSection(SolutionConfigurationPlatforms) = preSolution
		Debug|Any CPU = Debug|Any CPU
		Release|Any CPU = Release|Any CPU
	EndGlobalSection
	GlobalSection(ProjectConfigurationPlatforms) = postSolution
		{B62F255D-DCD1-4872-B218-EC0672EA57AE}.Debug|Any CPU.ActiveCfg = Debug|Any CPU
		{B62F255D-DCD1-4872-B218-EC0672EA57AE}.Debug|Any CPU.Build.0 = Debug|Any CPU
		{B62F255D-DCD1-4872-B218-EC0672EA57AE}.Release|Any CPU.ActiveCfg = Release|Any CPU
		{B62F255D-DCD1-4872-B218-EC0672EA57AE}.Release|Any CPU.Build.0 = Release|Any CPU
		{D0CD7006-946B-4834-A45A-C1650D6085A5}.Debug|Any CPU.ActiveCfg = Debug|Any CPU
		{D0CD7006-946B-4834-A45A-C1650D6085A5}.Debug|Any CPU.Build.0 = Debug|Any CPU
		{D0CD7006-946B-4834-A45A-C1650D6085A5}.Release|Any CPU.ActiveCfg = Release|Any CPU
		{D0CD7006-946B-4834-A45A-C1650D6085A5}.Release|Any CPU.Build.0 = Release|Any CPU
		{E7CF5415-5748-41D0-9EF8-847832C7DCA1}.Debug|Any CPU.ActiveCfg = Debug|Any CPU
		{E7CF5415-5748-41D0-9EF8-847832C7DCA1}.Debug|Any CPU.Build.0 = Debug|Any CPU
		{E7CF5415-5748-41D0-9EF8-847832C7DCA1}.Release|Any CPU.ActiveCfg = Release|Any CPU
		{E7CF5415-5748-41D0-9EF8-847832C7DCA1}.Release|Any CPU.Build.0 = Release|Any CPU
		{13B99C1E-1528-4085-B698-E36BCAEB1003}.Debug|Any CPU.ActiveCfg = Debug|Any CPU
		{13B99C1E-1528-4085-B698-E36BCAEB1003}.Debug|Any CPU.Build.0 = Debug|Any CPU
		{13B99C1E-1528-4085-B698-E36BCAEB1003}.Release|Any CPU.ActiveCfg = Release|Any CPU
		{13B99C1E-1528-4085-B698-E36BCAEB1003}.Release|Any CPU.Build.0 = Release|Any CPU
		{DD8B6589-1126-4175-B27D-9B686B17FF3B}.Debug|Any CPU.ActiveCfg = Debug|Any CPU
		{DD8B6589-1126-4175-B27D-9B686B17FF3B}.Debug|Any CPU.Build.0 = Debug|Any CPU
		{DD8B6589-1126-4175-B27D-9B686B17FF3B}.Release|Any CPU.ActiveCfg = Release|Any CPU
		{DD8B6589-1126-4175-B27D-9B686B17FF3B}.Release|Any CPU.Build.0 = Release|Any CPU
		{A5696CA4-54DA-4C8E-B38E-364D81225672}.Debug|Any CPU.ActiveCfg = Debug|Any CPU
		{A5696CA4-54DA-4C8E-B38E-364D81225672}.Debug|Any CPU.Build.0 = Debug|Any CPU
		{A5696CA4-54DA-4C8E-B38E-364D81225672}.Release|Any CPU.ActiveCfg = Release|Any CPU
		{A5696CA4-54DA-4C8E-B38E-364D81225672}.Release|Any CPU.Build.0 = Release|Any CPU
	EndGlobalSection
	GlobalSection(SolutionProperties) = preSolution
		HideSolutionNode = FALSE
	EndGlobalSection
EndGlobal
