
Microsoft Visual Studio Solution File, Format Version 12.00
# Visual Studio 14
VisualStudioVersion = 14.0.25420.1
MinimumVisualStudioVersion = 10.0.40219.1
Project("{FAE04EC0-301F-11D3-BF4B-00C04F79EFBC}") = "IfElse", "5.UslovniKonstrukcii\IfElse.csproj", "{54C3188B-1EC5-4E0A-A80D-4FF31CB6FBDE}"
EndProject
Project("{FAE04EC0-301F-11D3-BF4B-00C04F79EFBC}") = "NestedIf", "NestedIf\NestedIf.csproj", "{5518E066-F004-45F1-90F9-776C31C83052}"
EndProject
Project("{FAE04EC0-301F-11D3-BF4B-00C04F79EFBC}") = "SwitchCase", "SwitchCase\SwitchCase.csproj", "{129D8648-14BA-4DEE-8515-658093756ED1}"
EndProject
Global
	GlobalSection(SolutionConfigurationPlatforms) = preSolution
		Debug|Any CPU = Debug|Any CPU
		Release|Any CPU = Release|Any CPU
	EndGlobalSection
	GlobalSection(ProjectConfigurationPlatforms) = postSolution
		{54C3188B-1EC5-4E0A-A80D-4FF31CB6FBDE}.Debug|Any CPU.ActiveCfg = Debug|Any CPU
		{54C3188B-1EC5-4E0A-A80D-4FF31CB6FBDE}.Debug|Any CPU.Build.0 = Debug|Any CPU
		{54C3188B-1EC5-4E0A-A80D-4FF31CB6FBDE}.Release|Any CPU.ActiveCfg = Release|Any CPU
		{54C3188B-1EC5-4E0A-A80D-4FF31CB6FBDE}.Release|Any CPU.Build.0 = Release|Any CPU
		{5518E066-F004-45F1-90F9-776C31C83052}.Debug|Any CPU.ActiveCfg = Debug|Any CPU
		{5518E066-F004-45F1-90F9-776C31C83052}.Debug|Any CPU.Build.0 = Debug|Any CPU
		{5518E066-F004-45F1-90F9-776C31C83052}.Release|Any CPU.ActiveCfg = Release|Any CPU
		{5518E066-F004-45F1-90F9-776C31C83052}.Release|Any CPU.Build.0 = Release|Any CPU
		{129D8648-14BA-4DEE-8515-658093756ED1}.Debug|Any CPU.ActiveCfg = Debug|Any CPU
		{129D8648-14BA-4DEE-8515-658093756ED1}.Debug|Any CPU.Build.0 = Debug|Any CPU
		{129D8648-14BA-4DEE-8515-658093756ED1}.Release|Any CPU.ActiveCfg = Release|Any CPU
		{129D8648-14BA-4DEE-8515-658093756ED1}.Release|Any CPU.Build.0 = Release|Any CPU
	EndGlobalSection
	GlobalSection(SolutionProperties) = preSolution
		HideSolutionNode = FALSE
	EndGlobalSection
EndGlobal
