
Microsoft Visual Studio Solution File, Format Version 12.00
# Visual Studio 15
VisualStudioVersion = 15.0.26403.3
MinimumVisualStudioVersion = 10.0.40219.1
Project("{FAE04EC0-301F-11D3-BF4B-00C04F79EFBC}") = "01.DayProfit", "01.DayProfit\01.DayProfit.csproj", "{E7890EFF-F027-4F0B-A884-9713FB6F1484}"
EndProject
Project("{FAE04EC0-301F-11D3-BF4B-00C04F79EFBC}") = "02.Company", "02Company\02.Company.csproj", "{95EBA8CD-BE73-4CD9-BE49-28B54406149E}"
EndProject
Project("{FAE04EC0-301F-11D3-BF4B-00C04F79EFBC}") = "03.HotelRoom", "03.HotelRoom\03.HotelRoom.csproj", "{5CCEBAEB-1341-4AE5-B2C1-57D3DEFE113F}"
EndProject
Project("{FAE04EC0-301F-11D3-BF4B-00C04F79EFBC}") = "04.Hospital", "04.Hospital\04.Hospital.csproj", "{DE2FEAB4-B302-44C8-B26C-91EC54A5B2B2}"
EndProject
Project("{FAE04EC0-301F-11D3-BF4B-00C04F79EFBC}") = "05.Axe", "05.Axe\05.Axe.csproj", "{58A2290F-916D-40C4-AEDE-90D91C7B4171}"
EndProject
Project("{FAE04EC0-301F-11D3-BF4B-00C04F79EFBC}") = "06.Numbers", "06.Numbers\06.Numbers.csproj", "{E171A9BA-2EFB-4231-8E1E-F285FCFF629A}"
EndProject
Global
	GlobalSection(SolutionConfigurationPlatforms) = preSolution
		Debug|Any CPU = Debug|Any CPU
		Release|Any CPU = Release|Any CPU
	EndGlobalSection
	GlobalSection(ProjectConfigurationPlatforms) = postSolution
		{E7890EFF-F027-4F0B-A884-9713FB6F1484}.Debug|Any CPU.ActiveCfg = Debug|Any CPU
		{E7890EFF-F027-4F0B-A884-9713FB6F1484}.Debug|Any CPU.Build.0 = Debug|Any CPU
		{E7890EFF-F027-4F0B-A884-9713FB6F1484}.Release|Any CPU.ActiveCfg = Release|Any CPU
		{E7890EFF-F027-4F0B-A884-9713FB6F1484}.Release|Any CPU.Build.0 = Release|Any CPU
		{95EBA8CD-BE73-4CD9-BE49-28B54406149E}.Debug|Any CPU.ActiveCfg = Debug|Any CPU
		{95EBA8CD-BE73-4CD9-BE49-28B54406149E}.Debug|Any CPU.Build.0 = Debug|Any CPU
		{95EBA8CD-BE73-4CD9-BE49-28B54406149E}.Release|Any CPU.ActiveCfg = Release|Any CPU
		{95EBA8CD-BE73-4CD9-BE49-28B54406149E}.Release|Any CPU.Build.0 = Release|Any CPU
		{5CCEBAEB-1341-4AE5-B2C1-57D3DEFE113F}.Debug|Any CPU.ActiveCfg = Debug|Any CPU
		{5CCEBAEB-1341-4AE5-B2C1-57D3DEFE113F}.Debug|Any CPU.Build.0 = Debug|Any CPU
		{5CCEBAEB-1341-4AE5-B2C1-57D3DEFE113F}.Release|Any CPU.ActiveCfg = Release|Any CPU
		{5CCEBAEB-1341-4AE5-B2C1-57D3DEFE113F}.Release|Any CPU.Build.0 = Release|Any CPU
		{DE2FEAB4-B302-44C8-B26C-91EC54A5B2B2}.Debug|Any CPU.ActiveCfg = Debug|Any CPU
		{DE2FEAB4-B302-44C8-B26C-91EC54A5B2B2}.Debug|Any CPU.Build.0 = Debug|Any CPU
		{DE2FEAB4-B302-44C8-B26C-91EC54A5B2B2}.Release|Any CPU.ActiveCfg = Release|Any CPU
		{DE2FEAB4-B302-44C8-B26C-91EC54A5B2B2}.Release|Any CPU.Build.0 = Release|Any CPU
		{58A2290F-916D-40C4-AEDE-90D91C7B4171}.Debug|Any CPU.ActiveCfg = Debug|Any CPU
		{58A2290F-916D-40C4-AEDE-90D91C7B4171}.Debug|Any CPU.Build.0 = Debug|Any CPU
		{58A2290F-916D-40C4-AEDE-90D91C7B4171}.Release|Any CPU.ActiveCfg = Release|Any CPU
		{58A2290F-916D-40C4-AEDE-90D91C7B4171}.Release|Any CPU.Build.0 = Release|Any CPU
		{E171A9BA-2EFB-4231-8E1E-F285FCFF629A}.Debug|Any CPU.ActiveCfg = Debug|Any CPU
		{E171A9BA-2EFB-4231-8E1E-F285FCFF629A}.Debug|Any CPU.Build.0 = Debug|Any CPU
		{E171A9BA-2EFB-4231-8E1E-F285FCFF629A}.Release|Any CPU.ActiveCfg = Release|Any CPU
		{E171A9BA-2EFB-4231-8E1E-F285FCFF629A}.Release|Any CPU.Build.0 = Release|Any CPU
	EndGlobalSection
	GlobalSection(SolutionProperties) = preSolution
		HideSolutionNode = FALSE
	EndGlobalSection
EndGlobal
