
Microsoft Visual Studio Solution File, Format Version 12.00
# Visual Studio 15
VisualStudioVersion = 15.0.26403.3
MinimumVisualStudioVersion = 10.0.40219.1
Project("{FAE04EC0-301F-11D3-BF4B-00C04F79EFBC}") = "Expression", "Expression\Expression.csproj", "{A72B0686-136C-4D88-B671-836362F408CD}"
EndProject
Project("{FAE04EC0-301F-11D3-BF4B-00C04F79EFBC}") = "Nums1To20", "Nums1To20\Nums1To20.csproj", "{EE286584-8A89-4446-9910-2C177A953A96}"
EndProject
Project("{FAE04EC0-301F-11D3-BF4B-00C04F79EFBC}") = "TriangleOf55Stars", "TriangleOf55Stars\TriangleOf55Stars.csproj", "{D98C5ED3-8E43-47EA-81EF-62CA345D4DF2}"
EndProject
Project("{FAE04EC0-301F-11D3-BF4B-00C04F79EFBC}") = "RectangleArea", "Rectangle Area\RectangleArea.csproj", "{7803E500-A898-413B-BD5B-7A4BEB372D17}"
EndProject
Project("{FAE04EC0-301F-11D3-BF4B-00C04F79EFBC}") = "SquareOfStars", "SquareOfStars\SquareOfStars.csproj", "{6D2D99FA-B7D4-4C07-B313-CFD80101D5AD}"
EndProject
Global
	GlobalSection(SolutionConfigurationPlatforms) = preSolution
		Debug|Any CPU = Debug|Any CPU
		Release|Any CPU = Release|Any CPU
	EndGlobalSection
	GlobalSection(ProjectConfigurationPlatforms) = postSolution
		{A72B0686-136C-4D88-B671-836362F408CD}.Debug|Any CPU.ActiveCfg = Debug|Any CPU
		{A72B0686-136C-4D88-B671-836362F408CD}.Debug|Any CPU.Build.0 = Debug|Any CPU
		{A72B0686-136C-4D88-B671-836362F408CD}.Release|Any CPU.ActiveCfg = Release|Any CPU
		{A72B0686-136C-4D88-B671-836362F408CD}.Release|Any CPU.Build.0 = Release|Any CPU
		{EE286584-8A89-4446-9910-2C177A953A96}.Debug|Any CPU.ActiveCfg = Debug|Any CPU
		{EE286584-8A89-4446-9910-2C177A953A96}.Debug|Any CPU.Build.0 = Debug|Any CPU
		{EE286584-8A89-4446-9910-2C177A953A96}.Release|Any CPU.ActiveCfg = Release|Any CPU
		{EE286584-8A89-4446-9910-2C177A953A96}.Release|Any CPU.Build.0 = Release|Any CPU
		{D98C5ED3-8E43-47EA-81EF-62CA345D4DF2}.Debug|Any CPU.ActiveCfg = Debug|Any CPU
		{D98C5ED3-8E43-47EA-81EF-62CA345D4DF2}.Debug|Any CPU.Build.0 = Debug|Any CPU
		{D98C5ED3-8E43-47EA-81EF-62CA345D4DF2}.Release|Any CPU.ActiveCfg = Release|Any CPU
		{D98C5ED3-8E43-47EA-81EF-62CA345D4DF2}.Release|Any CPU.Build.0 = Release|Any CPU
		{7803E500-A898-413B-BD5B-7A4BEB372D17}.Debug|Any CPU.ActiveCfg = Debug|Any CPU
		{7803E500-A898-413B-BD5B-7A4BEB372D17}.Debug|Any CPU.Build.0 = Debug|Any CPU
		{7803E500-A898-413B-BD5B-7A4BEB372D17}.Release|Any CPU.ActiveCfg = Release|Any CPU
		{7803E500-A898-413B-BD5B-7A4BEB372D17}.Release|Any CPU.Build.0 = Release|Any CPU
		{6D2D99FA-B7D4-4C07-B313-CFD80101D5AD}.Debug|Any CPU.ActiveCfg = Debug|Any CPU
		{6D2D99FA-B7D4-4C07-B313-CFD80101D5AD}.Debug|Any CPU.Build.0 = Debug|Any CPU
		{6D2D99FA-B7D4-4C07-B313-CFD80101D5AD}.Release|Any CPU.ActiveCfg = Release|Any CPU
		{6D2D99FA-B7D4-4C07-B313-CFD80101D5AD}.Release|Any CPU.Build.0 = Release|Any CPU
	EndGlobalSection
	GlobalSection(SolutionProperties) = preSolution
		HideSolutionNode = FALSE
	EndGlobalSection
EndGlobal
