
Microsoft Visual Studio Solution File, Format Version 12.00
# Visual Studio 15
VisualStudioVersion = 15.0.26403.3
MinimumVisualStudioVersion = 10.0.40219.1
Project("{FAE04EC0-301F-11D3-BF4B-00C04F79EFBC}") = "01", "01\01.csproj", "{3980C1F8-8654-46AF-A255-8478D0BF1C26}"
EndProject
Project("{FAE04EC0-301F-11D3-BF4B-00C04F79EFBC}") = "02", "02\02.csproj", "{5E8A8968-E7AF-42B1-B6E5-DD8E8522A703}"
EndProject
Project("{FAE04EC0-301F-11D3-BF4B-00C04F79EFBC}") = "03", "03\03.csproj", "{D4BA3774-2406-471B-93BD-B2D4A356ABC4}"
EndProject
Project("{FAE04EC0-301F-11D3-BF4B-00C04F79EFBC}") = "04", "04\04.csproj", "{ECEA5534-6E25-4B1B-B4EF-939E33178C26}"
EndProject
Project("{FAE04EC0-301F-11D3-BF4B-00C04F79EFBC}") = "05-PerfectDiamond", "05-PerfectDiamond\05-PerfectDiamond.csproj", "{E8B65E95-6A6F-48A0-B920-C06397E9F8F8}"
EndProject
Project("{FAE04EC0-301F-11D3-BF4B-00C04F79EFBC}") = "06", "06\06.csproj", "{3BB69232-6346-41EE-902C-1A07A15FE668}"
EndProject
Project("{FAE04EC0-301F-11D3-BF4B-00C04F79EFBC}") = "07", "07\07.csproj", "{6AF01374-FBF1-42E4-829D-A8CCE9E39A44}"
EndProject
Project("{FAE04EC0-301F-11D3-BF4B-00C04F79EFBC}") = "08", "08\08.csproj", "{A5A1F586-FB1C-4FD7-993F-9EAE1108D637}"
EndProject
Project("{FAE04EC0-301F-11D3-BF4B-00C04F79EFBC}") = "09", "09\09.csproj", "{DD81D3B0-35DB-4A4E-A980-F6E228391294}"
EndProject
Project("{FAE04EC0-301F-11D3-BF4B-00C04F79EFBC}") = "10", "10\10.csproj", "{FCB3602A-947B-4B1C-8A52-5660E33B5755}"
EndProject
Project("{FAE04EC0-301F-11D3-BF4B-00C04F79EFBC}") = "11", "11\11.csproj", "{72549139-59A4-4F36-8C29-C263EB128124}"
EndProject
Project("{FAE04EC0-301F-11D3-BF4B-00C04F79EFBC}") = "12", "12\12.csproj", "{C9CCE482-9C7D-4B8D-A1AE-C15DD95A0C56}"
EndProject
Project("{FAE04EC0-301F-11D3-BF4B-00C04F79EFBC}") = "13", "13\13.csproj", "{B97DC42E-A865-4C5E-890E-F2F9E154C575}"
EndProject
Project("{FAE04EC0-301F-11D3-BF4B-00C04F79EFBC}") = "14", "14\14.csproj", "{63A1336B-AA4A-4B65-92F0-A0C8B0982A5F}"
EndProject
Project("{FAE04EC0-301F-11D3-BF4B-00C04F79EFBC}") = "15", "15\15.csproj", "{8475127C-37B6-414B-A9C0-262C20F9EBEF}"
EndProject
Project("{FAE04EC0-301F-11D3-BF4B-00C04F79EFBC}") = "ConsoleApp1", "ConsoleApp1\ConsoleApp1.csproj", "{3317F25E-21E2-4780-9E3F-C1FE739C9C4E}"
EndProject
Project("{FAE04EC0-301F-11D3-BF4B-00C04F79EFBC}") = "17", "17\17.csproj", "{FB9C867A-F6E5-4BC7-8DA5-9F762EFBC28C}"
EndProject
Global
	GlobalSection(SolutionConfigurationPlatforms) = preSolution
		Debug|Any CPU = Debug|Any CPU
		Release|Any CPU = Release|Any CPU
	EndGlobalSection
	GlobalSection(ProjectConfigurationPlatforms) = postSolution
		{3980C1F8-8654-46AF-A255-8478D0BF1C26}.Debug|Any CPU.ActiveCfg = Debug|Any CPU
		{3980C1F8-8654-46AF-A255-8478D0BF1C26}.Debug|Any CPU.Build.0 = Debug|Any CPU
		{3980C1F8-8654-46AF-A255-8478D0BF1C26}.Release|Any CPU.ActiveCfg = Release|Any CPU
		{3980C1F8-8654-46AF-A255-8478D0BF1C26}.Release|Any CPU.Build.0 = Release|Any CPU
		{5E8A8968-E7AF-42B1-B6E5-DD8E8522A703}.Debug|Any CPU.ActiveCfg = Debug|Any CPU
		{5E8A8968-E7AF-42B1-B6E5-DD8E8522A703}.Debug|Any CPU.Build.0 = Debug|Any CPU
		{5E8A8968-E7AF-42B1-B6E5-DD8E8522A703}.Release|Any CPU.ActiveCfg = Release|Any CPU
		{5E8A8968-E7AF-42B1-B6E5-DD8E8522A703}.Release|Any CPU.Build.0 = Release|Any CPU
		{D4BA3774-2406-471B-93BD-B2D4A356ABC4}.Debug|Any CPU.ActiveCfg = Debug|Any CPU
		{D4BA3774-2406-471B-93BD-B2D4A356ABC4}.Debug|Any CPU.Build.0 = Debug|Any CPU
		{D4BA3774-2406-471B-93BD-B2D4A356ABC4}.Release|Any CPU.ActiveCfg = Release|Any CPU
		{D4BA3774-2406-471B-93BD-B2D4A356ABC4}.Release|Any CPU.Build.0 = Release|Any CPU
		{ECEA5534-6E25-4B1B-B4EF-939E33178C26}.Debug|Any CPU.ActiveCfg = Debug|Any CPU
		{ECEA5534-6E25-4B1B-B4EF-939E33178C26}.Debug|Any CPU.Build.0 = Debug|Any CPU
		{ECEA5534-6E25-4B1B-B4EF-939E33178C26}.Release|Any CPU.ActiveCfg = Release|Any CPU
		{ECEA5534-6E25-4B1B-B4EF-939E33178C26}.Release|Any CPU.Build.0 = Release|Any CPU
		{E8B65E95-6A6F-48A0-B920-C06397E9F8F8}.Debug|Any CPU.ActiveCfg = Debug|Any CPU
		{E8B65E95-6A6F-48A0-B920-C06397E9F8F8}.Debug|Any CPU.Build.0 = Debug|Any CPU
		{E8B65E95-6A6F-48A0-B920-C06397E9F8F8}.Release|Any CPU.ActiveCfg = Release|Any CPU
		{E8B65E95-6A6F-48A0-B920-C06397E9F8F8}.Release|Any CPU.Build.0 = Release|Any CPU
		{3BB69232-6346-41EE-902C-1A07A15FE668}.Debug|Any CPU.ActiveCfg = Debug|Any CPU
		{3BB69232-6346-41EE-902C-1A07A15FE668}.Debug|Any CPU.Build.0 = Debug|Any CPU
		{3BB69232-6346-41EE-902C-1A07A15FE668}.Release|Any CPU.ActiveCfg = Release|Any CPU
		{3BB69232-6346-41EE-902C-1A07A15FE668}.Release|Any CPU.Build.0 = Release|Any CPU
		{6AF01374-FBF1-42E4-829D-A8CCE9E39A44}.Debug|Any CPU.ActiveCfg = Debug|Any CPU
		{6AF01374-FBF1-42E4-829D-A8CCE9E39A44}.Debug|Any CPU.Build.0 = Debug|Any CPU
		{6AF01374-FBF1-42E4-829D-A8CCE9E39A44}.Release|Any CPU.ActiveCfg = Release|Any CPU
		{6AF01374-FBF1-42E4-829D-A8CCE9E39A44}.Release|Any CPU.Build.0 = Release|Any CPU
		{A5A1F586-FB1C-4FD7-993F-9EAE1108D637}.Debug|Any CPU.ActiveCfg = Debug|Any CPU
		{A5A1F586-FB1C-4FD7-993F-9EAE1108D637}.Debug|Any CPU.Build.0 = Debug|Any CPU
		{A5A1F586-FB1C-4FD7-993F-9EAE1108D637}.Release|Any CPU.ActiveCfg = Release|Any CPU
		{A5A1F586-FB1C-4FD7-993F-9EAE1108D637}.Release|Any CPU.Build.0 = Release|Any CPU
		{DD81D3B0-35DB-4A4E-A980-F6E228391294}.Debug|Any CPU.ActiveCfg = Debug|Any CPU
		{DD81D3B0-35DB-4A4E-A980-F6E228391294}.Debug|Any CPU.Build.0 = Debug|Any CPU
		{DD81D3B0-35DB-4A4E-A980-F6E228391294}.Release|Any CPU.ActiveCfg = Release|Any CPU
		{DD81D3B0-35DB-4A4E-A980-F6E228391294}.Release|Any CPU.Build.0 = Release|Any CPU
		{FCB3602A-947B-4B1C-8A52-5660E33B5755}.Debug|Any CPU.ActiveCfg = Debug|Any CPU
		{FCB3602A-947B-4B1C-8A52-5660E33B5755}.Debug|Any CPU.Build.0 = Debug|Any CPU
		{FCB3602A-947B-4B1C-8A52-5660E33B5755}.Release|Any CPU.ActiveCfg = Release|Any CPU
		{FCB3602A-947B-4B1C-8A52-5660E33B5755}.Release|Any CPU.Build.0 = Release|Any CPU
		{72549139-59A4-4F36-8C29-C263EB128124}.Debug|Any CPU.ActiveCfg = Debug|Any CPU
		{72549139-59A4-4F36-8C29-C263EB128124}.Debug|Any CPU.Build.0 = Debug|Any CPU
		{72549139-59A4-4F36-8C29-C263EB128124}.Release|Any CPU.ActiveCfg = Release|Any CPU
		{72549139-59A4-4F36-8C29-C263EB128124}.Release|Any CPU.Build.0 = Release|Any CPU
		{C9CCE482-9C7D-4B8D-A1AE-C15DD95A0C56}.Debug|Any CPU.ActiveCfg = Debug|Any CPU
		{C9CCE482-9C7D-4B8D-A1AE-C15DD95A0C56}.Debug|Any CPU.Build.0 = Debug|Any CPU
		{C9CCE482-9C7D-4B8D-A1AE-C15DD95A0C56}.Release|Any CPU.ActiveCfg = Release|Any CPU
		{C9CCE482-9C7D-4B8D-A1AE-C15DD95A0C56}.Release|Any CPU.Build.0 = Release|Any CPU
		{B97DC42E-A865-4C5E-890E-F2F9E154C575}.Debug|Any CPU.ActiveCfg = Debug|Any CPU
		{B97DC42E-A865-4C5E-890E-F2F9E154C575}.Debug|Any CPU.Build.0 = Debug|Any CPU
		{B97DC42E-A865-4C5E-890E-F2F9E154C575}.Release|Any CPU.ActiveCfg = Release|Any CPU
		{B97DC42E-A865-4C5E-890E-F2F9E154C575}.Release|Any CPU.Build.0 = Release|Any CPU
		{63A1336B-AA4A-4B65-92F0-A0C8B0982A5F}.Debug|Any CPU.ActiveCfg = Debug|Any CPU
		{63A1336B-AA4A-4B65-92F0-A0C8B0982A5F}.Debug|Any CPU.Build.0 = Debug|Any CPU
		{63A1336B-AA4A-4B65-92F0-A0C8B0982A5F}.Release|Any CPU.ActiveCfg = Release|Any CPU
		{63A1336B-AA4A-4B65-92F0-A0C8B0982A5F}.Release|Any CPU.Build.0 = Release|Any CPU
		{8475127C-37B6-414B-A9C0-262C20F9EBEF}.Debug|Any CPU.ActiveCfg = Debug|Any CPU
		{8475127C-37B6-414B-A9C0-262C20F9EBEF}.Debug|Any CPU.Build.0 = Debug|Any CPU
		{8475127C-37B6-414B-A9C0-262C20F9EBEF}.Release|Any CPU.ActiveCfg = Release|Any CPU
		{8475127C-37B6-414B-A9C0-262C20F9EBEF}.Release|Any CPU.Build.0 = Release|Any CPU
		{3317F25E-21E2-4780-9E3F-C1FE739C9C4E}.Debug|Any CPU.ActiveCfg = Debug|Any CPU
		{3317F25E-21E2-4780-9E3F-C1FE739C9C4E}.Debug|Any CPU.Build.0 = Debug|Any CPU
		{3317F25E-21E2-4780-9E3F-C1FE739C9C4E}.Release|Any CPU.ActiveCfg = Release|Any CPU
		{3317F25E-21E2-4780-9E3F-C1FE739C9C4E}.Release|Any CPU.Build.0 = Release|Any CPU
		{FB9C867A-F6E5-4BC7-8DA5-9F762EFBC28C}.Debug|Any CPU.ActiveCfg = Debug|Any CPU
		{FB9C867A-F6E5-4BC7-8DA5-9F762EFBC28C}.Debug|Any CPU.Build.0 = Debug|Any CPU
		{FB9C867A-F6E5-4BC7-8DA5-9F762EFBC28C}.Release|Any CPU.ActiveCfg = Release|Any CPU
		{FB9C867A-F6E5-4BC7-8DA5-9F762EFBC28C}.Release|Any CPU.Build.0 = Release|Any CPU
	EndGlobalSection
	GlobalSection(SolutionProperties) = preSolution
		HideSolutionNode = FALSE
	EndGlobalSection
EndGlobal
